<?xml version="1.0" encoding="utf-8"?>
<Project ToolsVersion="4.0" xmlns="http://schemas.microsoft.com/developer/msbuild/2003">
  <ItemGroup>
    <Filter Include="Source Files">
      <UniqueIdentifier>{cb5ae1bf-03ab-47b0-b376-82b12b3f17b4}</UniqueIdentifier>
      <Extensions>cpp;c;cxx;rc;def;r;odl;idl;hpj;bat</Extensions>
    </Filter>
    <Filter Include="Source Files\API Modules">
      <UniqueIdentifier>{05e060a6-c4da-4112-84ec-36ee816321c6}</UniqueIdentifier>
    </Filter>
    <Filter Include="Source Files\API Modules\EasyAuthModule">
      <UniqueIdentifier>{2926feb7-5274-460c-b47a-4c96d65d02c4}</UniqueIdentifier>
    </Filter>
    <Filter Include="Source Files\API Modules\EasyRedisModule">
      <UniqueIdentifier>{ccad13f5-d31b-4d86-838a-9f18cf7c94a2}</UniqueIdentifier>
    </Filter>
    <Filter Include="Source Files\Core">
      <UniqueIdentifier>{9131e466-2de3-4ec2-b63b-4d8feea5f045}</UniqueIdentifier>
    </Filter>
  </ItemGroup>
  <ItemGroup>
    <ClCompile Include="..\APIModules\EasyAuthModule\EasyAuthModule.cpp">
      <Filter>Source Files\API Modules\EasyAuthModule</Filter>
    </ClCompile>
    <ClCompile Include="..\APIModules\EasyRedisModule\EasyRedisModule.cpp">
      <Filter>Source Files\API Modules\EasyRedisModule</Filter>
    </ClCompile>
    <ClCompile Include="..\Server.tproj\DecoderHelper.cpp">
      <Filter>Source Files\Core</Filter>
    </ClCompile>
    <ClCompile Include="..\PrefsSourceLib\FilePrefsSource.cpp">
      <Filter>Source Files\Core</Filter>
    </ClCompile>
    <ClCompile Include="..\Server.tproj\GenerateXMLPrefs.cpp">
      <Filter>Source Files\Core</Filter>
    </ClCompile>
    <ClCompile Include="..\..\HTTPUtilitiesLib\HTTPProtocol.cpp">
      <Filter>Source Files\Core</Filter>
    </ClCompile>
    <ClCompile Include="..\..\HTTPUtilitiesLib\HTTPRequest.cpp">
      <Filter>Source Files\Core</Filter>
    </ClCompile>
    <ClCompile Include="..\Server.tproj\HTTPRequestStream.cpp">
      <Filter>Source Files\Core</Filter>
    </ClCompile>
    <ClCompile Include="..\Server.tproj\HTTPResponseStream.cpp">
      <Filter>Source Files\Core</Filter>
    </ClCompile>
    <ClCompile Include="..\Server.tproj\HTTPSession.cpp">
      <Filter>Source Files\Core</Filter>
    </ClCompile>
    <ClCompile Include="..\Server.tproj\HTTPSessionInterface.cpp">
      <Filter>Source Files\Core</Filter>
    </ClCompile>
    <ClCompile Include="..\..\CommonUtilitiesLib\OSMapEx.cpp">
      <Filter>Source Files\Core</Filter>
    </ClCompile>
    <ClCompile Include="..\..\OSMemoryLib\OSMemory.cpp">
      <Filter>Source Files\Core</Filter>
    </ClCompile>
    <ClCompile Include="..\..\CommonUtilitiesLib\OSRefTableEx.cpp">
      <Filter>Source Files\Core</Filter>
    </ClCompile>
    <ClCompile Include="..\Server.tproj\QTSSCallbacks.cpp">
      <Filter>Source Files\Core</Filter>
    </ClCompile>
    <ClCompile Include="..\Server.tproj\QTSSDataConverter.cpp">
      <Filter>Source Files\Core</Filter>
    </ClCompile>
    <ClCompile Include="..\Server.tproj\QTSSDictionary.cpp">
      <Filter>Source Files\Core</Filter>
    </ClCompile>
    <ClCompile Include="..\Server.tproj\QTSSErrorLogModule.cpp">
      <Filter>Source Files\Core</Filter>
    </ClCompile>
    <ClCompile Include="..\Server.tproj\QTSServer.cpp">
      <Filter>Source Files\Core</Filter>
    </ClCompile>
    <ClCompile Include="..\Server.tproj\QTSServerInterface.cpp">
      <Filter>Source Files\Core</Filter>
    </ClCompile>
    <ClCompile Include="..\Server.tproj\QTSServerPrefs.cpp">
      <Filter>Source Files\Core</Filter>
    </ClCompile>
    <ClCompile Include="..\Server.tproj\QTSSExpirationDate.cpp">
      <Filter>Source Files\Core</Filter>
    </ClCompile>
    <ClCompile Include="..\Server.tproj\QTSSFile.cpp">
      <Filter>Source Files\Core</Filter>
    </ClCompile>
    <ClCompile Include="..\Server.tproj\QTSSMessages.cpp">
      <Filter>Source Files\Core</Filter>
    </ClCompile>
    <ClCompile Include="..\Server.tproj\QTSSModule.cpp">
      <Filter>Source Files\Core</Filter>
    </ClCompile>
    <ClCompile Include="..\Server.tproj\QTSSPrefs.cpp">
      <Filter>Source Files\Core</Filter>
    </ClCompile>
    <ClCompile Include="..\Server.tproj\QTSSSocket.cpp">
      <Filter>Source Files\Core</Filter>
    </ClCompile>
    <ClCompile Include="..\Server.tproj\RunServer.cpp">
      <Filter>Source Files\Core</Filter>
    </ClCompile>
    <ClCompile Include="..\Server.tproj\win32main.cpp">
      <Filter>Source Files\Core</Filter>
    </ClCompile>
    <ClCompile Include="..\PrefsSourceLib\XMLParser.cpp">
      <Filter>Source Files\Core</Filter>
    </ClCompile>
    <ClCompile Include="..\PrefsSourceLib\XMLPrefsParser.cpp">
      <Filter>Source Files\Core</Filter>
    </ClCompile>
  </ItemGroup>
  <ItemGroup>
    <ClInclude Include="..\APIModules\EasyAuthModule\EasyAuthModule.h">
      <Filter>Source Files\API Modules\EasyAuthModule</Filter>
    </ClInclude>
    <ClInclude Include="..\APIModules\EasyRedisModule\EasyRedisModule.h">
      <Filter>Source Files\API Modules\EasyRedisModule</Filter>
    </ClInclude>
    <ClInclude Include="..\APIModules\EasyRedisModule\Resources.h">
      <Filter>Source Files\API Modules\EasyRedisModule</Filter>
    </ClInclude>
  </ItemGroup>
</Project>