<?xml version="1.0" encoding="utf-8"?>
<Project ToolsVersion="4.0" xmlns="http://schemas.microsoft.com/developer/msbuild/2003">
  <ItemGroup>
    <Filter Include="Source Files">
      <UniqueIdentifier>{5c72ced6-6d1c-4cc2-8ce6-e8e988c04c3d}</UniqueIdentifier>
      <Extensions>cpp;c;cxx;rc;def;r;odl;idl;hpj;bat</Extensions>
    </Filter>
  </ItemGroup>
  <ItemGroup>
    <ClCompile Include="QTAtom.cpp">
      <Filter>Source Files</Filter>
    </ClCompile>
    <ClCompile Include="QTAtom_dref.cpp">
      <Filter>Source Files</Filter>
    </ClCompile>
    <ClCompile Include="QTAtom_elst.cpp">
      <Filter>Source Files</Filter>
    </ClCompile>
    <ClCompile Include="QTAtom_hinf.cpp">
      <Filter>Source Files</Filter>
    </ClCompile>
    <ClCompile Include="QTAtom_mdhd.cpp">
      <Filter>Source Files</Filter>
    </ClCompile>
    <ClCompile Include="QTAtom_mvhd.cpp">
      <Filter>Source Files</Filter>
    </ClCompile>
    <ClCompile Include="QTAtom_stco.cpp">
      <Filter>Source Files</Filter>
    </ClCompile>
    <ClCompile Include="QTAtom_stsc.cpp">
      <Filter>Source Files</Filter>
    </ClCompile>
    <ClCompile Include="QTAtom_stsd.cpp">
      <Filter>Source Files</Filter>
    </ClCompile>
    <ClCompile Include="QTAtom_stss.cpp">
      <Filter>Source Files</Filter>
    </ClCompile>
    <ClCompile Include="QTAtom_stsz.cpp">
      <Filter>Source Files</Filter>
    </ClCompile>
    <ClCompile Include="QTAtom_stts.cpp">
      <Filter>Source Files</Filter>
    </ClCompile>
    <ClCompile Include="QTAtom_tkhd.cpp">
      <Filter>Source Files</Filter>
    </ClCompile>
    <ClCompile Include="QTAtom_tref.cpp">
      <Filter>Source Files</Filter>
    </ClCompile>
    <ClCompile Include="QTFile.cpp">
      <Filter>Source Files</Filter>
    </ClCompile>
    <ClCompile Include="QTFile_FileControlBlock.cpp">
      <Filter>Source Files</Filter>
    </ClCompile>
    <ClCompile Include="QTHintTrack.cpp">
      <Filter>Source Files</Filter>
    </ClCompile>
    <ClCompile Include="QTRTPFile.cpp">
      <Filter>Source Files</Filter>
    </ClCompile>
    <ClCompile Include="QTTrack.cpp">
      <Filter>Source Files</Filter>
    </ClCompile>
    <ClCompile Include="..\RTPMetaInfoLib\RTPMetaInfoPacket.cpp">
      <Filter>Source Files</Filter>
    </ClCompile>
  </ItemGroup>
</Project>