<?xml version="1.0" encoding="utf-8"?>
<Project ToolsVersion="4.0" xmlns="http://schemas.microsoft.com/developer/msbuild/2003">
  <ItemGroup>
    <Filter Include="Source Files">
      <UniqueIdentifier>{a77bf820-fa38-42d8-b98b-6326d6d3bde9}</UniqueIdentifier>
      <Extensions>cpp;c;cxx;rc;def;r;odl;idl;hpj;bat</Extensions>
    </Filter>
    <Filter Include="Source Files\API Modules">
      <UniqueIdentifier>{52629025-2919-4fbb-8889-f4ed21b850ab}</UniqueIdentifier>
    </Filter>
    <Filter Include="Source Files\API Modules\QTSSReflectorModule">
      <UniqueIdentifier>{0767aa9a-10ef-4b50-833c-d9cf791e94de}</UniqueIdentifier>
    </Filter>
    <Filter Include="Source Files\API Modules\QTSSMP3StreamingModule">
      <UniqueIdentifier>{639af0de-010f-4a8a-9796-79f3306d5b9b}</UniqueIdentifier>
      <Extensions>.cpp</Extensions>
    </Filter>
    <Filter Include="Source Files\Core">
      <UniqueIdentifier>{0131c897-9f35-452d-a06b-e2cd7d30835b}</UniqueIdentifier>
    </Filter>
    <Filter Include="Source Files\RTSPClientLib">
      <UniqueIdentifier>{b47cf19f-0210-4064-9c65-2171f5bdb6af}</UniqueIdentifier>
    </Filter>
    <Filter Include="Source Files\RTCP Utilities">
      <UniqueIdentifier>{c91bffbf-a04d-4426-a3cc-2b16207bd178}</UniqueIdentifier>
    </Filter>
  </ItemGroup>
  <ItemGroup>
    <ClCompile Include="..\PrefsSourceLib\FilePrefsSource.cpp">
      <Filter>Source Files</Filter>
    </ClCompile>
    <ClCompile Include="..\HTTPUtilitiesLib\HTTPProtocol.cpp">
      <Filter>Source Files</Filter>
    </ClCompile>
    <ClCompile Include="..\HTTPUtilitiesLib\HTTPRequest.cpp">
      <Filter>Source Files</Filter>
    </ClCompile>
    <ClCompile Include="..\SafeStdLib\InternalStdLib.cpp">
      <Filter>Source Files</Filter>
    </ClCompile>
    <ClCompile Include="..\Server.tproj\QTSSUserProfile.cpp">
      <Filter>Source Files</Filter>
    </ClCompile>
    <ClCompile Include="..\Server.tproj\RTPOverbufferWindow.cpp">
      <Filter>Source Files</Filter>
    </ClCompile>
    <ClCompile Include="..\PrefsSourceLib\XMLParser.cpp">
      <Filter>Source Files</Filter>
    </ClCompile>
    <ClCompile Include="..\PrefsSourceLib\XMLPrefsParser.cpp">
      <Filter>Source Files</Filter>
    </ClCompile>
    <ClCompile Include="..\APIModules\QTSSAccessModule\AccessChecker.cpp">
      <Filter>Source Files\API Modules</Filter>
    </ClCompile>
    <ClCompile Include="..\APIModules\QTSSAdminModule\AdminElementNode.cpp">
      <Filter>Source Files\API Modules</Filter>
    </ClCompile>
    <ClCompile Include="..\APIModules\QTSSAdminModule\AdminQuery.cpp">
      <Filter>Source Files\API Modules</Filter>
    </ClCompile>
    <ClCompile Include="..\APICommonCode\QTSS3GPPModuleUtils.cpp">
      <Filter>Source Files\API Modules</Filter>
    </ClCompile>
    <ClCompile Include="..\APIModules\QTSSAccessLogModule\QTSSAccessLogModule.cpp">
      <Filter>Source Files\API Modules</Filter>
    </ClCompile>
    <ClCompile Include="..\APIModules\QTSSAccessModule\QTSSAccessModule.cpp">
      <Filter>Source Files\API Modules</Filter>
    </ClCompile>
    <ClCompile Include="..\APIModules\QTSSAdminModule\QTSSAdminModule.cpp">
      <Filter>Source Files\API Modules</Filter>
    </ClCompile>
    <ClCompile Include="..\APIModules\QTSSFileModule\QTSSFileModule.cpp">
      <Filter>Source Files\API Modules</Filter>
    </ClCompile>
    <ClCompile Include="..\APIModules\QTSSFlowControlModule\QTSSFlowControlModule.cpp">
      <Filter>Source Files\API Modules</Filter>
    </ClCompile>
    <ClCompile Include="..\APIModules\QTSSPOSIXFileSysModule\QTSSPosixFileSysModule.cpp">
      <Filter>Source Files\API Modules</Filter>
    </ClCompile>
    <ClCompile Include="..\APIModules\QTSSWebDebugModule\QTSSWebDebugModule.cpp">
      <Filter>Source Files\API Modules</Filter>
    </ClCompile>
    <ClCompile Include="..\APIModules\QTSSWebStatsModule\QTSSWebStatsModule.cpp">
      <Filter>Source Files\API Modules</Filter>
    </ClCompile>
    <ClCompile Include="..\APIModules\QTSSReflectorModule\QTSSReflectorModule.cpp">
      <Filter>Source Files\API Modules\QTSSReflectorModule</Filter>
    </ClCompile>
    <ClCompile Include="..\APIModules\QTSSReflectorModule\QTSSRelayModule.cpp">
      <Filter>Source Files\API Modules\QTSSReflectorModule</Filter>
    </ClCompile>
    <ClCompile Include="..\APIModules\QTSSReflectorModule\RCFSourceInfo.cpp">
      <Filter>Source Files\API Modules\QTSSReflectorModule</Filter>
    </ClCompile>
    <ClCompile Include="..\APIModules\QTSSReflectorModule\ReflectorSession.cpp">
      <Filter>Source Files\API Modules\QTSSReflectorModule</Filter>
    </ClCompile>
    <ClCompile Include="..\APIModules\QTSSReflectorModule\ReflectorStream.cpp">
      <Filter>Source Files\API Modules\QTSSReflectorModule</Filter>
    </ClCompile>
    <ClCompile Include="..\APIModules\QTSSReflectorModule\RelayOutput.cpp">
      <Filter>Source Files\API Modules\QTSSReflectorModule</Filter>
    </ClCompile>
    <ClCompile Include="..\APIModules\QTSSReflectorModule\RelaySDPSourceInfo.cpp">
      <Filter>Source Files\API Modules\QTSSReflectorModule</Filter>
    </ClCompile>
    <ClCompile Include="..\APIModules\QTSSReflectorModule\RelaySession.cpp">
      <Filter>Source Files\API Modules\QTSSReflectorModule</Filter>
    </ClCompile>
    <ClCompile Include="..\APIModules\QTSSReflectorModule\RTPSessionOutput.cpp">
      <Filter>Source Files\API Modules\QTSSReflectorModule</Filter>
    </ClCompile>
    <ClCompile Include="..\APIModules\QTSSReflectorModule\RTSPSourceInfo.cpp">
      <Filter>Source Files\API Modules\QTSSReflectorModule</Filter>
    </ClCompile>
    <ClCompile Include="..\APIModules\QTSSReflectorModule\SequenceNumberMap.cpp">
      <Filter>Source Files\API Modules\QTSSReflectorModule</Filter>
    </ClCompile>
    <ClCompile Include="..\APIModules\QTSSMP3StreamingModule\QTSSMP3StreamingModule.cpp">
      <Filter>Source Files\API Modules\QTSSMP3StreamingModule</Filter>
    </ClCompile>
    <ClCompile Include="..\Server.tproj\GenerateXMLPrefs.cpp">
      <Filter>Source Files\Core</Filter>
    </ClCompile>
    <ClCompile Include="..\OSMemoryLib\OSMemory.cpp">
      <Filter>Source Files\Core</Filter>
    </ClCompile>
    <ClCompile Include="..\Server.tproj\QTSSCallbacks.cpp">
      <Filter>Source Files\Core</Filter>
    </ClCompile>
    <ClCompile Include="..\Server.tproj\QTSSDataConverter.cpp">
      <Filter>Source Files\Core</Filter>
    </ClCompile>
    <ClCompile Include="..\Server.tproj\QTSSDictionary.cpp">
      <Filter>Source Files\Core</Filter>
    </ClCompile>
    <ClCompile Include="..\Server.tproj\QTSSErrorLogModule.cpp">
      <Filter>Source Files\Core</Filter>
    </ClCompile>
    <ClCompile Include="..\Server.tproj\QTSServer.cpp">
      <Filter>Source Files\Core</Filter>
    </ClCompile>
    <ClCompile Include="..\Server.tproj\QTSServerInterface.cpp">
      <Filter>Source Files\Core</Filter>
    </ClCompile>
    <ClCompile Include="..\Server.tproj\QTSServerPrefs.cpp">
      <Filter>Source Files\Core</Filter>
    </ClCompile>
    <ClCompile Include="..\Server.tproj\QTSSExpirationDate.cpp">
      <Filter>Source Files\Core</Filter>
    </ClCompile>
    <ClCompile Include="..\Server.tproj\QTSSFile.cpp">
      <Filter>Source Files\Core</Filter>
    </ClCompile>
    <ClCompile Include="..\Server.tproj\QTSSMessages.cpp">
      <Filter>Source Files\Core</Filter>
    </ClCompile>
    <ClCompile Include="..\Server.tproj\QTSSModule.cpp">
      <Filter>Source Files\Core</Filter>
    </ClCompile>
    <ClCompile Include="..\Server.tproj\QTSSPrefs.cpp">
      <Filter>Source Files\Core</Filter>
    </ClCompile>
    <ClCompile Include="..\Server.tproj\QTSSSocket.cpp">
      <Filter>Source Files\Core</Filter>
    </ClCompile>
    <ClCompile Include="..\Server.tproj\RTCPTask.cpp">
      <Filter>Source Files\Core</Filter>
    </ClCompile>
    <ClCompile Include="..\Server.tproj\RTPBandwidthTracker.cpp">
      <Filter>Source Files\Core</Filter>
    </ClCompile>
    <ClCompile Include="..\Server.tproj\RTPPacketResender.cpp">
      <Filter>Source Files\Core</Filter>
    </ClCompile>
    <ClCompile Include="..\Server.tproj\RTPSession.cpp">
      <Filter>Source Files\Core</Filter>
    </ClCompile>
    <ClCompile Include="..\Server.tproj\RTPSession3GPP.cpp">
      <Filter>Source Files\Core</Filter>
    </ClCompile>
    <ClCompile Include="..\Server.tproj\RTPSessionInterface.cpp">
      <Filter>Source Files\Core</Filter>
    </ClCompile>
    <ClCompile Include="..\Server.tproj\RTPStream.cpp">
      <Filter>Source Files\Core</Filter>
    </ClCompile>
    <ClCompile Include="..\Server.tproj\RTPStream3gpp.cpp">
      <Filter>Source Files\Core</Filter>
    </ClCompile>
    <ClCompile Include="..\Server.tproj\RTSPProtocol.cpp">
      <Filter>Source Files\Core</Filter>
    </ClCompile>
    <ClCompile Include="..\Server.tproj\RTSPRequest.cpp">
      <Filter>Source Files\Core</Filter>
    </ClCompile>
    <ClCompile Include="..\Server.tproj\RTSPRequest3GPP.cpp">
      <Filter>Source Files\Core</Filter>
    </ClCompile>
    <ClCompile Include="..\Server.tproj\RTSPRequestInterface.cpp">
      <Filter>Source Files\Core</Filter>
    </ClCompile>
    <ClCompile Include="..\Server.tproj\RTSPRequestStream.cpp">
      <Filter>Source Files\Core</Filter>
    </ClCompile>
    <ClCompile Include="..\Server.tproj\RTSPResponseStream.cpp">
      <Filter>Source Files\Core</Filter>
    </ClCompile>
    <ClCompile Include="..\Server.tproj\RTSPSession.cpp">
      <Filter>Source Files\Core</Filter>
    </ClCompile>
    <ClCompile Include="..\Server.tproj\RTSPSession3GPP.cpp">
      <Filter>Source Files\Core</Filter>
    </ClCompile>
    <ClCompile Include="..\Server.tproj\RTSPSessionInterface.cpp">
      <Filter>Source Files\Core</Filter>
    </ClCompile>
    <ClCompile Include="..\Server.tproj\RunServer.cpp">
      <Filter>Source Files\Core</Filter>
    </ClCompile>
    <ClCompile Include="..\Server.tproj\win32main.cpp">
      <Filter>Source Files\Core</Filter>
    </ClCompile>
    <ClCompile Include="..\RTSPClientLib\ClientSocket.cpp">
      <Filter>Source Files\RTSPClientLib</Filter>
    </ClCompile>
    <ClCompile Include="..\RTSPClientLib\RTSPClient.cpp">
      <Filter>Source Files\RTSPClientLib</Filter>
    </ClCompile>
    <ClCompile Include="..\RTCPUtilitiesLib\RTCPAckPacket.cpp">
      <Filter>Source Files\RTCP Utilities</Filter>
    </ClCompile>
    <ClCompile Include="..\RTCPUtilitiesLib\RTCPAPPNADUPacket.cpp">
      <Filter>Source Files\RTCP Utilities</Filter>
    </ClCompile>
    <ClCompile Include="..\RTCPUtilitiesLib\RTCPAPPPacket.cpp">
      <Filter>Source Files\RTCP Utilities</Filter>
    </ClCompile>
    <ClCompile Include="..\RTCPUtilitiesLib\RTCPAPPQTSSPacket.cpp">
      <Filter>Source Files\RTCP Utilities</Filter>
    </ClCompile>
    <ClCompile Include="..\RTCPUtilitiesLib\RTCPPacket.cpp">
      <Filter>Source Files\RTCP Utilities</Filter>
    </ClCompile>
    <ClCompile Include="..\RTCPUtilitiesLib\RTCPSRPacket.cpp">
      <Filter>Source Files\RTCP Utilities</Filter>
    </ClCompile>
  </ItemGroup>
  <ItemGroup>
    <None Include="ReadMe.txt" />
    <None Include="streamingrelay.cfg" />
    <None Include="streamingserver.cfg" />
  </ItemGroup>
</Project>