
Microsoft Visual Studio Solution File, Format Version 12.00
# Visual Studio 2013
VisualStudioVersion = 12.0.30501.0
MinimumVisualStudioVersion = 10.0.40219.1
Project("{8BC9CEB8-8B4A-11D0-8D11-00A0C91BC942}") = "APICommonCode_vs2013", "..\APICommonCode\APICommonCode_vs2013.vcxproj", "{EEEB3A6E-B4AF-4C09-AB57-7F2576CFE38D}"
EndProject
Project("{8BC9CEB8-8B4A-11D0-8D11-00A0C91BC942}") = "APIStubLib_vs2013", "..\APIStubLib\APIStubLib_vs2013.vcxproj", "{21898038-6830-4B4D-BE2C-E32641F253BC}"
EndProject
Project("{8BC9CEB8-8B4A-11D0-8D11-00A0C91BC942}") = "CommonUtilitiesLib_vs2013", "..\CommonUtilitiesLib\CommonUtilitiesLib_vs2013.vcxproj", "{4E4F758C-7CB5-471C-BD61-FB70BF69D48B}"
EndProject
Project("{8BC9CEB8-8B4A-11D0-8D11-00A0C91BC942}") = "EasyDarwin_vs2013", "EasyDarwin_vs2013.vcxproj", "{A0EFC09D-B539-40ED-B7A2-06177CBA669D}"
EndProject
Project("{8BC9CEB8-8B4A-11D0-8D11-00A0C91BC942}") = "QTFileLib_vs2013", "..\QTFileLib\QTFileLib_vs2013.vcxproj", "{3C010B07-9D9B-4065-A426-F0AC0CE4E56F}"
EndProject
Project("{8BC9CEB8-8B4A-11D0-8D11-00A0C91BC942}") = "qtpasswd_vs2013", "..\qtpasswd.tproj\qtpasswd_vs2013.vcxproj", "{14B120AB-3235-4661-B6AD-04FF69E3167C}"
EndProject
Project("{8BC9CEB8-8B4A-11D0-8D11-00A0C91BC942}") = "QTSSRawFileModule_vs2013", "..\APIModules\QTSSRawFileModule.bproj\QTSSRawFileModule_vs2013.vcxproj", "{B29A1BEC-93AD-4634-B6F4-7007BAE3EE25}"
	ProjectSection(ProjectDependencies) = postProject
		{230D5525-AEA7-4037-95FE-3B45BEF98E55} = {230D5525-AEA7-4037-95FE-3B45BEF98E55}
	EndProjectSection
EndProject
Project("{8BC9CEB8-8B4A-11D0-8D11-00A0C91BC942}") = "QTSSRefMovieModule_vs2013", "..\APIModules\QTSSRefMovieModule\QTSSRefMovieModule_vs2013.vcxproj", "{BC794565-6E56-40E2-86DB-13312156AECD}"
	ProjectSection(ProjectDependencies) = postProject
		{230D5525-AEA7-4037-95FE-3B45BEF98E55} = {230D5525-AEA7-4037-95FE-3B45BEF98E55}
	EndProjectSection
EndProject
Project("{8BC9CEB8-8B4A-11D0-8D11-00A0C91BC942}") = "QTSSSpamDefenseModule_vs2013", "..\APIModules\QTSSSpamDefenseModule.bproj\QTSSSpamDefenseModule_vs2013.vcxproj", "{D322949E-336F-40FA-85D9-4A32390D5E2A}"
	ProjectSection(ProjectDependencies) = postProject
		{230D5525-AEA7-4037-95FE-3B45BEF98E55} = {230D5525-AEA7-4037-95FE-3B45BEF98E55}
	EndProjectSection
EndProject
Project("{8BC9CEB8-8B4A-11D0-8D11-00A0C91BC942}") = "SafeDynamicModuleStdLib_vs2013", "..\SafeStdLib\SafeDynamicModuleStdLib_vs2013.vcxproj", "{315F8D0C-645D-4577-876E-728CA0BA52F0}"
	ProjectSection(ProjectDependencies) = postProject
		{230D5525-AEA7-4037-95FE-3B45BEF98E55} = {230D5525-AEA7-4037-95FE-3B45BEF98E55}
	EndProjectSection
EndProject
Project("{8BC9CEB8-8B4A-11D0-8D11-00A0C91BC942}") = "SafeInternalStdLib_vs2013", "..\SafeStdLib\SafeInternalStdLib_vs2013.vcxproj", "{230D5525-AEA7-4037-95FE-3B45BEF98E55}"
EndProject
Project("{8BC9CEB8-8B4A-11D0-8D11-00A0C91BC942}") = "StreamingLoadTool_vs2013", "..\StreamingLoadTool\StreamingLoadTool_vs2013.vcxproj", "{0C05DC5B-F016-4A95-9511-8B73FDFEB2B3}"
EndProject
Global
	GlobalSection(SolutionConfigurationPlatforms) = preSolution
		Debug|Win32 = Debug|Win32
		Release|Win32 = Release|Win32
	EndGlobalSection
	GlobalSection(ProjectConfigurationPlatforms) = postSolution
		{EEEB3A6E-B4AF-4C09-AB57-7F2576CFE38D}.Debug|Win32.ActiveCfg = Debug|Win32
		{EEEB3A6E-B4AF-4C09-AB57-7F2576CFE38D}.Debug|Win32.Build.0 = Debug|Win32
		{EEEB3A6E-B4AF-4C09-AB57-7F2576CFE38D}.Release|Win32.ActiveCfg = Release|Win32
		{EEEB3A6E-B4AF-4C09-AB57-7F2576CFE38D}.Release|Win32.Build.0 = Release|Win32
		{21898038-6830-4B4D-BE2C-E32641F253BC}.Debug|Win32.ActiveCfg = Debug|Win32
		{21898038-6830-4B4D-BE2C-E32641F253BC}.Debug|Win32.Build.0 = Debug|Win32
		{21898038-6830-4B4D-BE2C-E32641F253BC}.Release|Win32.ActiveCfg = Release|Win32
		{21898038-6830-4B4D-BE2C-E32641F253BC}.Release|Win32.Build.0 = Release|Win32
		{4E4F758C-7CB5-471C-BD61-FB70BF69D48B}.Debug|Win32.ActiveCfg = Debug|Win32
		{4E4F758C-7CB5-471C-BD61-FB70BF69D48B}.Debug|Win32.Build.0 = Debug|Win32
		{4E4F758C-7CB5-471C-BD61-FB70BF69D48B}.Release|Win32.ActiveCfg = Release|Win32
		{4E4F758C-7CB5-471C-BD61-FB70BF69D48B}.Release|Win32.Build.0 = Release|Win32
		{A0EFC09D-B539-40ED-B7A2-06177CBA669D}.Debug|Win32.ActiveCfg = Debug|Win32
		{A0EFC09D-B539-40ED-B7A2-06177CBA669D}.Debug|Win32.Build.0 = Debug|Win32
		{A0EFC09D-B539-40ED-B7A2-06177CBA669D}.Release|Win32.ActiveCfg = Release|Win32
		{A0EFC09D-B539-40ED-B7A2-06177CBA669D}.Release|Win32.Build.0 = Release|Win32
		{3C010B07-9D9B-4065-A426-F0AC0CE4E56F}.Debug|Win32.ActiveCfg = Debug|Win32
		{3C010B07-9D9B-4065-A426-F0AC0CE4E56F}.Debug|Win32.Build.0 = Debug|Win32
		{3C010B07-9D9B-4065-A426-F0AC0CE4E56F}.Release|Win32.ActiveCfg = Release|Win32
		{3C010B07-9D9B-4065-A426-F0AC0CE4E56F}.Release|Win32.Build.0 = Release|Win32
		{14B120AB-3235-4661-B6AD-04FF69E3167C}.Debug|Win32.ActiveCfg = Debug|Win32
		{14B120AB-3235-4661-B6AD-04FF69E3167C}.Debug|Win32.Build.0 = Debug|Win32
		{14B120AB-3235-4661-B6AD-04FF69E3167C}.Release|Win32.ActiveCfg = Release|Win32
		{14B120AB-3235-4661-B6AD-04FF69E3167C}.Release|Win32.Build.0 = Release|Win32
		{B29A1BEC-93AD-4634-B6F4-7007BAE3EE25}.Debug|Win32.ActiveCfg = Debug|Win32
		{B29A1BEC-93AD-4634-B6F4-7007BAE3EE25}.Debug|Win32.Build.0 = Debug|Win32
		{B29A1BEC-93AD-4634-B6F4-7007BAE3EE25}.Release|Win32.ActiveCfg = Release|Win32
		{B29A1BEC-93AD-4634-B6F4-7007BAE3EE25}.Release|Win32.Build.0 = Release|Win32
		{BC794565-6E56-40E2-86DB-13312156AECD}.Debug|Win32.ActiveCfg = Debug|Win32
		{BC794565-6E56-40E2-86DB-13312156AECD}.Debug|Win32.Build.0 = Debug|Win32
		{BC794565-6E56-40E2-86DB-13312156AECD}.Release|Win32.ActiveCfg = Release|Win32
		{BC794565-6E56-40E2-86DB-13312156AECD}.Release|Win32.Build.0 = Release|Win32
		{D322949E-336F-40FA-85D9-4A32390D5E2A}.Debug|Win32.ActiveCfg = Debug|Win32
		{D322949E-336F-40FA-85D9-4A32390D5E2A}.Debug|Win32.Build.0 = Debug|Win32
		{D322949E-336F-40FA-85D9-4A32390D5E2A}.Release|Win32.ActiveCfg = Release|Win32
		{D322949E-336F-40FA-85D9-4A32390D5E2A}.Release|Win32.Build.0 = Release|Win32
		{315F8D0C-645D-4577-876E-728CA0BA52F0}.Debug|Win32.ActiveCfg = Debug|Win32
		{315F8D0C-645D-4577-876E-728CA0BA52F0}.Debug|Win32.Build.0 = Debug|Win32
		{315F8D0C-645D-4577-876E-728CA0BA52F0}.Release|Win32.ActiveCfg = Release|Win32
		{315F8D0C-645D-4577-876E-728CA0BA52F0}.Release|Win32.Build.0 = Release|Win32
		{230D5525-AEA7-4037-95FE-3B45BEF98E55}.Debug|Win32.ActiveCfg = Debug|Win32
		{230D5525-AEA7-4037-95FE-3B45BEF98E55}.Debug|Win32.Build.0 = Debug|Win32
		{230D5525-AEA7-4037-95FE-3B45BEF98E55}.Release|Win32.ActiveCfg = Release|Win32
		{230D5525-AEA7-4037-95FE-3B45BEF98E55}.Release|Win32.Build.0 = Release|Win32
		{0C05DC5B-F016-4A95-9511-8B73FDFEB2B3}.Debug|Win32.ActiveCfg = Debug|Win32
		{0C05DC5B-F016-4A95-9511-8B73FDFEB2B3}.Debug|Win32.Build.0 = Debug|Win32
		{0C05DC5B-F016-4A95-9511-8B73FDFEB2B3}.Release|Win32.ActiveCfg = Release|Win32
		{0C05DC5B-F016-4A95-9511-8B73FDFEB2B3}.Release|Win32.Build.0 = Release|Win32
	EndGlobalSection
	GlobalSection(SolutionProperties) = preSolution
		HideSolutionNode = FALSE
	EndGlobalSection
EndGlobal
