
Microsoft Visual Studio Solution File, Format Version 10.00
# Visual Studio 2008
Project("{8BC9CEB8-8B4A-11D0-8D11-00A0C91BC942}") = "APICommonCode", "..\APICommonCode\APICommonCode.vcproj", "{EEEB3A6E-B4AF-4C09-AB57-7F2576CFE38D}"
EndProject
Project("{8BC9CEB8-8B4A-11D0-8D11-00A0C91BC942}") = "APIStubLib", "..\APIStubLib\APIStubLib.vcproj", "{21898038-6830-4B4D-BE2C-E32641F253BC}"
EndProject
Project("{8BC9CEB8-8B4A-11D0-8D11-00A0C91BC942}") = "CommonUtilitiesLib", "..\CommonUtilitiesLib\CommonUtilitiesLib.vcproj", "{4E4F758C-7CB5-471C-BD61-FB70BF69D48B}"
EndProject
Project("{8BC9CEB8-8B4A-11D0-8D11-00A0C91BC942}") = "QTFileLib", "..\QTFileLib\QTFileLib.vcproj", "{3C010B07-9D9B-4065-A426-F0AC0CE4E56F}"
	ProjectSection(ProjectDependencies) = postProject
		{230D5525-AEA7-4037-95FE-3B45BEF98E55} = {230D5525-AEA7-4037-95FE-3B45BEF98E55}
		{21898038-6830-4B4D-BE2C-E32641F253BC} = {21898038-6830-4B4D-BE2C-E32641F253BC}
	EndProjectSection
EndProject
Project("{8BC9CEB8-8B4A-11D0-8D11-00A0C91BC942}") = "QTSSRawFileModule", "..\APIModules\QTSSRawFileModule.bproj\QTSSRawFileModule.vcproj", "{B29A1BEC-93AD-4634-B6F4-7007BAE3EE25}"
	ProjectSection(ProjectDependencies) = postProject
		{315F8D0C-645D-4577-876E-728CA0BA52F0} = {315F8D0C-645D-4577-876E-728CA0BA52F0}
		{21898038-6830-4B4D-BE2C-E32641F253BC} = {21898038-6830-4B4D-BE2C-E32641F253BC}
		{EEEB3A6E-B4AF-4C09-AB57-7F2576CFE38D} = {EEEB3A6E-B4AF-4C09-AB57-7F2576CFE38D}
		{4E4F758C-7CB5-471C-BD61-FB70BF69D48B} = {4E4F758C-7CB5-471C-BD61-FB70BF69D48B}
	EndProjectSection
EndProject
Project("{8BC9CEB8-8B4A-11D0-8D11-00A0C91BC942}") = "QTSSRefMovieModule", "..\APIModules\QTSSRefMovieModule\QTSSRefMovieModule.vcproj", "{BC794565-6E56-40E2-86DB-13312156AECD}"
	ProjectSection(ProjectDependencies) = postProject
		{315F8D0C-645D-4577-876E-728CA0BA52F0} = {315F8D0C-645D-4577-876E-728CA0BA52F0}
		{21898038-6830-4B4D-BE2C-E32641F253BC} = {21898038-6830-4B4D-BE2C-E32641F253BC}
		{EEEB3A6E-B4AF-4C09-AB57-7F2576CFE38D} = {EEEB3A6E-B4AF-4C09-AB57-7F2576CFE38D}
		{4E4F758C-7CB5-471C-BD61-FB70BF69D48B} = {4E4F758C-7CB5-471C-BD61-FB70BF69D48B}
	EndProjectSection
EndProject
Project("{8BC9CEB8-8B4A-11D0-8D11-00A0C91BC942}") = "QTSSSpamDefenseModule", "..\APIModules\QTSSSpamDefenseModule.bproj\QTSSSpamDefenseModule.vcproj", "{D322949E-336F-40FA-85D9-4A32390D5E2A}"
	ProjectSection(ProjectDependencies) = postProject
		{315F8D0C-645D-4577-876E-728CA0BA52F0} = {315F8D0C-645D-4577-876E-728CA0BA52F0}
		{21898038-6830-4B4D-BE2C-E32641F253BC} = {21898038-6830-4B4D-BE2C-E32641F253BC}
		{EEEB3A6E-B4AF-4C09-AB57-7F2576CFE38D} = {EEEB3A6E-B4AF-4C09-AB57-7F2576CFE38D}
		{4E4F758C-7CB5-471C-BD61-FB70BF69D48B} = {4E4F758C-7CB5-471C-BD61-FB70BF69D48B}
	EndProjectSection
EndProject
Project("{8BC9CEB8-8B4A-11D0-8D11-00A0C91BC942}") = "SafeDynamicModuleStdLib", "..\SafeStdLib\SafeDynamicModuleStdLib.vcproj", "{315F8D0C-645D-4577-876E-728CA0BA52F0}"
	ProjectSection(ProjectDependencies) = postProject
		{4E4F758C-7CB5-471C-BD61-FB70BF69D48B} = {4E4F758C-7CB5-471C-BD61-FB70BF69D48B}
	EndProjectSection
EndProject
Project("{8BC9CEB8-8B4A-11D0-8D11-00A0C91BC942}") = "SafeInternalStdLib", "..\SafeStdLib\SafeInternalStdLib.vcproj", "{230D5525-AEA7-4037-95FE-3B45BEF98E55}"
	ProjectSection(ProjectDependencies) = postProject
		{4E4F758C-7CB5-471C-BD61-FB70BF69D48B} = {4E4F758C-7CB5-471C-BD61-FB70BF69D48B}
	EndProjectSection
EndProject
Project("{8BC9CEB8-8B4A-11D0-8D11-00A0C91BC942}") = "StreamingLoadTool", "..\StreamingLoadTool\StreamingLoadTool.vcproj", "{0C05DC5B-F016-4A95-9511-8B73FDFEB2B3}"
	ProjectSection(ProjectDependencies) = postProject
		{230D5525-AEA7-4037-95FE-3B45BEF98E55} = {230D5525-AEA7-4037-95FE-3B45BEF98E55}
		{EEEB3A6E-B4AF-4C09-AB57-7F2576CFE38D} = {EEEB3A6E-B4AF-4C09-AB57-7F2576CFE38D}
		{4E4F758C-7CB5-471C-BD61-FB70BF69D48B} = {4E4F758C-7CB5-471C-BD61-FB70BF69D48B}
	EndProjectSection
EndProject
Project("{8BC9CEB8-8B4A-11D0-8D11-00A0C91BC942}") = "qtpasswd", "..\qtpasswd.tproj\qtpasswd.vcproj", "{14B120AB-3235-4661-B6AD-04FF69E3167C}"
	ProjectSection(ProjectDependencies) = postProject
		{230D5525-AEA7-4037-95FE-3B45BEF98E55} = {230D5525-AEA7-4037-95FE-3B45BEF98E55}
		{4E4F758C-7CB5-471C-BD61-FB70BF69D48B} = {4E4F758C-7CB5-471C-BD61-FB70BF69D48B}
	EndProjectSection
EndProject
Project("{8BC9CEB8-8B4A-11D0-8D11-00A0C91BC942}") = "EasyDarwin", "EasyDarwin.vcproj", "{A0EFC09D-B539-40ED-B7A2-06177CBA669D}"
	ProjectSection(ProjectDependencies) = postProject
		{3C010B07-9D9B-4065-A426-F0AC0CE4E56F} = {3C010B07-9D9B-4065-A426-F0AC0CE4E56F}
		{230D5525-AEA7-4037-95FE-3B45BEF98E55} = {230D5525-AEA7-4037-95FE-3B45BEF98E55}
		{21898038-6830-4B4D-BE2C-E32641F253BC} = {21898038-6830-4B4D-BE2C-E32641F253BC}
		{EEEB3A6E-B4AF-4C09-AB57-7F2576CFE38D} = {EEEB3A6E-B4AF-4C09-AB57-7F2576CFE38D}
		{4E4F758C-7CB5-471C-BD61-FB70BF69D48B} = {4E4F758C-7CB5-471C-BD61-FB70BF69D48B}
		{61A556A3-1B1F-41A9-945C-9D57EC86ACDD} = {61A556A3-1B1F-41A9-945C-9D57EC86ACDD}
		{628C32EC-8A8C-43BA-A4D9-A319EA671DCB} = {628C32EC-8A8C-43BA-A4D9-A319EA671DCB}
	EndProjectSection
EndProject
Project("{8BC9CEB8-8B4A-11D0-8D11-00A0C91BC942}") = "ParseDeviceConfig", "..\ParseDeviceConfig\ParseDeviceConfig.vcproj", "{628C32EC-8A8C-43BA-A4D9-A319EA671DCB}"
EndProject
Project("{8BC9CEB8-8B4A-11D0-8D11-00A0C91BC942}") = "live555", "..\live555\liblive555.vcproj", "{61A556A3-1B1F-41A9-945C-9D57EC86ACDD}"
EndProject
Project("{8BC9CEB8-8B4A-11D0-8D11-00A0C91BC942}") = "live555Test", "..\live555\testProgs\live555Test.vcproj", "{6C411C96-603E-4AF7-876A-7E0D825EDAD1}"
EndProject
Global
	GlobalSection(SolutionConfigurationPlatforms) = preSolution
		Debug|Win32 = Debug|Win32
		Release|Win32 = Release|Win32
	EndGlobalSection
	GlobalSection(ProjectConfigurationPlatforms) = postSolution
		{EEEB3A6E-B4AF-4C09-AB57-7F2576CFE38D}.Debug|Win32.ActiveCfg = Debug|Win32
		{EEEB3A6E-B4AF-4C09-AB57-7F2576CFE38D}.Debug|Win32.Build.0 = Debug|Win32
		{EEEB3A6E-B4AF-4C09-AB57-7F2576CFE38D}.Release|Win32.ActiveCfg = Release|Win32
		{EEEB3A6E-B4AF-4C09-AB57-7F2576CFE38D}.Release|Win32.Build.0 = Release|Win32
		{21898038-6830-4B4D-BE2C-E32641F253BC}.Debug|Win32.ActiveCfg = Debug|Win32
		{21898038-6830-4B4D-BE2C-E32641F253BC}.Debug|Win32.Build.0 = Debug|Win32
		{21898038-6830-4B4D-BE2C-E32641F253BC}.Release|Win32.ActiveCfg = Release|Win32
		{21898038-6830-4B4D-BE2C-E32641F253BC}.Release|Win32.Build.0 = Release|Win32
		{4E4F758C-7CB5-471C-BD61-FB70BF69D48B}.Debug|Win32.ActiveCfg = Debug|Win32
		{4E4F758C-7CB5-471C-BD61-FB70BF69D48B}.Debug|Win32.Build.0 = Debug|Win32
		{4E4F758C-7CB5-471C-BD61-FB70BF69D48B}.Release|Win32.ActiveCfg = Release|Win32
		{4E4F758C-7CB5-471C-BD61-FB70BF69D48B}.Release|Win32.Build.0 = Release|Win32
		{3C010B07-9D9B-4065-A426-F0AC0CE4E56F}.Debug|Win32.ActiveCfg = Debug|Win32
		{3C010B07-9D9B-4065-A426-F0AC0CE4E56F}.Debug|Win32.Build.0 = Debug|Win32
		{3C010B07-9D9B-4065-A426-F0AC0CE4E56F}.Release|Win32.ActiveCfg = Release|Win32
		{3C010B07-9D9B-4065-A426-F0AC0CE4E56F}.Release|Win32.Build.0 = Release|Win32
		{B29A1BEC-93AD-4634-B6F4-7007BAE3EE25}.Debug|Win32.ActiveCfg = Debug|Win32
		{B29A1BEC-93AD-4634-B6F4-7007BAE3EE25}.Debug|Win32.Build.0 = Debug|Win32
		{B29A1BEC-93AD-4634-B6F4-7007BAE3EE25}.Release|Win32.ActiveCfg = Release|Win32
		{B29A1BEC-93AD-4634-B6F4-7007BAE3EE25}.Release|Win32.Build.0 = Release|Win32
		{BC794565-6E56-40E2-86DB-13312156AECD}.Debug|Win32.ActiveCfg = Debug|Win32
		{BC794565-6E56-40E2-86DB-13312156AECD}.Debug|Win32.Build.0 = Debug|Win32
		{BC794565-6E56-40E2-86DB-13312156AECD}.Release|Win32.ActiveCfg = Release|Win32
		{BC794565-6E56-40E2-86DB-13312156AECD}.Release|Win32.Build.0 = Release|Win32
		{D322949E-336F-40FA-85D9-4A32390D5E2A}.Debug|Win32.ActiveCfg = Debug|Win32
		{D322949E-336F-40FA-85D9-4A32390D5E2A}.Debug|Win32.Build.0 = Debug|Win32
		{D322949E-336F-40FA-85D9-4A32390D5E2A}.Release|Win32.ActiveCfg = Release|Win32
		{D322949E-336F-40FA-85D9-4A32390D5E2A}.Release|Win32.Build.0 = Release|Win32
		{315F8D0C-645D-4577-876E-728CA0BA52F0}.Debug|Win32.ActiveCfg = Debug|Win32
		{315F8D0C-645D-4577-876E-728CA0BA52F0}.Debug|Win32.Build.0 = Debug|Win32
		{315F8D0C-645D-4577-876E-728CA0BA52F0}.Release|Win32.ActiveCfg = Release|Win32
		{315F8D0C-645D-4577-876E-728CA0BA52F0}.Release|Win32.Build.0 = Release|Win32
		{230D5525-AEA7-4037-95FE-3B45BEF98E55}.Debug|Win32.ActiveCfg = Debug|Win32
		{230D5525-AEA7-4037-95FE-3B45BEF98E55}.Debug|Win32.Build.0 = Debug|Win32
		{230D5525-AEA7-4037-95FE-3B45BEF98E55}.Release|Win32.ActiveCfg = Release|Win32
		{230D5525-AEA7-4037-95FE-3B45BEF98E55}.Release|Win32.Build.0 = Release|Win32
		{0C05DC5B-F016-4A95-9511-8B73FDFEB2B3}.Debug|Win32.ActiveCfg = Debug|Win32
		{0C05DC5B-F016-4A95-9511-8B73FDFEB2B3}.Debug|Win32.Build.0 = Debug|Win32
		{0C05DC5B-F016-4A95-9511-8B73FDFEB2B3}.Release|Win32.ActiveCfg = Release|Win32
		{0C05DC5B-F016-4A95-9511-8B73FDFEB2B3}.Release|Win32.Build.0 = Release|Win32
		{14B120AB-3235-4661-B6AD-04FF69E3167C}.Debug|Win32.ActiveCfg = Debug|Win32
		{14B120AB-3235-4661-B6AD-04FF69E3167C}.Debug|Win32.Build.0 = Debug|Win32
		{14B120AB-3235-4661-B6AD-04FF69E3167C}.Release|Win32.ActiveCfg = Release|Win32
		{14B120AB-3235-4661-B6AD-04FF69E3167C}.Release|Win32.Build.0 = Release|Win32
		{A0EFC09D-B539-40ED-B7A2-06177CBA669D}.Debug|Win32.ActiveCfg = Debug|Win32
		{A0EFC09D-B539-40ED-B7A2-06177CBA669D}.Debug|Win32.Build.0 = Debug|Win32
		{A0EFC09D-B539-40ED-B7A2-06177CBA669D}.Release|Win32.ActiveCfg = Release|Win32
		{A0EFC09D-B539-40ED-B7A2-06177CBA669D}.Release|Win32.Build.0 = Release|Win32
		{628C32EC-8A8C-43BA-A4D9-A319EA671DCB}.Debug|Win32.ActiveCfg = Debug|Win32
		{628C32EC-8A8C-43BA-A4D9-A319EA671DCB}.Debug|Win32.Build.0 = Debug|Win32
		{628C32EC-8A8C-43BA-A4D9-A319EA671DCB}.Release|Win32.ActiveCfg = Release|Win32
		{628C32EC-8A8C-43BA-A4D9-A319EA671DCB}.Release|Win32.Build.0 = Release|Win32
		{61A556A3-1B1F-41A9-945C-9D57EC86ACDD}.Debug|Win32.ActiveCfg = Debug|Win32
		{61A556A3-1B1F-41A9-945C-9D57EC86ACDD}.Debug|Win32.Build.0 = Debug|Win32
		{61A556A3-1B1F-41A9-945C-9D57EC86ACDD}.Release|Win32.ActiveCfg = Release|Win32
		{61A556A3-1B1F-41A9-945C-9D57EC86ACDD}.Release|Win32.Build.0 = Release|Win32
		{6C411C96-603E-4AF7-876A-7E0D825EDAD1}.Debug|Win32.ActiveCfg = Debug|Win32
		{6C411C96-603E-4AF7-876A-7E0D825EDAD1}.Debug|Win32.Build.0 = Debug|Win32
		{6C411C96-603E-4AF7-876A-7E0D825EDAD1}.Release|Win32.ActiveCfg = Release|Win32
		{6C411C96-603E-4AF7-876A-7E0D825EDAD1}.Release|Win32.Build.0 = Release|Win32
	EndGlobalSection
	GlobalSection(SolutionProperties) = preSolution
		HideSolutionNode = FALSE
	EndGlobalSection
EndGlobal
