<?xml version="1.0" encoding="utf-8"?>
<Project ToolsVersion="4.0" xmlns="http://schemas.microsoft.com/developer/msbuild/2003">
  <ItemGroup>
    <Filter Include="Source Files">
      <UniqueIdentifier>{4b8883d2-92d3-456a-9349-107383fb4120}</UniqueIdentifier>
      <Extensions>cpp;c;cxx;rc;def;r;odl;idl;hpj;bat</Extensions>
    </Filter>
    <Filter Include="Source Files\API Modules">
      <UniqueIdentifier>{7b899f27-d147-4a8f-99c2-6887e6de39a3}</UniqueIdentifier>
    </Filter>
    <Filter Include="Source Files\API Modules\EasyCMSModule">
      <UniqueIdentifier>{c8a577ab-f2c5-4cb8-b8a7-dc7db63c7d14}</UniqueIdentifier>
    </Filter>
    <Filter Include="Source Files\API Modules\EasyCameraModule">
      <UniqueIdentifier>{a551d1ce-e372-4895-b843-8f6e63cfc799}</UniqueIdentifier>
    </Filter>
    <Filter Include="Source Files\Core">
      <UniqueIdentifier>{bfd042e5-41be-4611-83be-540bcb109b70}</UniqueIdentifier>
    </Filter>
    <Filter Include="Source Files\HTTPUtilitiesLib">
      <UniqueIdentifier>{b8a59da2-733f-4580-801c-1636c8f77f67}</UniqueIdentifier>
    </Filter>
  </ItemGroup>
  <ItemGroup>
    <ClCompile Include="..\APIModules\EasyCMSModule\EasyCMSModule.cpp">
      <Filter>Source Files\API Modules\EasyCMSModule</Filter>
    </ClCompile>
    <ClCompile Include="..\APIModules\EasyCMSModule\EasyCMSSession.cpp">
      <Filter>Source Files\API Modules\EasyCMSModule</Filter>
    </ClCompile>
    <ClCompile Include="..\APIModules\EasyCameraModule\EasyCameraModule.cpp">
      <Filter>Source Files\API Modules\EasyCameraModule</Filter>
    </ClCompile>
    <ClCompile Include="..\APIModules\EasyCameraModule\EasyCameraSource.cpp">
      <Filter>Source Files\API Modules\EasyCameraModule</Filter>
    </ClCompile>
    <ClCompile Include="..\PrefsSourceLib\FilePrefsSource.cpp">
      <Filter>Source Files\Core</Filter>
    </ClCompile>
    <ClCompile Include="..\Server.tproj\GenerateXMLPrefs.cpp">
      <Filter>Source Files\Core</Filter>
    </ClCompile>
    <ClCompile Include="..\..\SafeStdLib\InternalStdLib.cpp">
      <Filter>Source Files\Core</Filter>
    </ClCompile>
    <ClCompile Include="..\..\OSMemoryLib\OSMemory.cpp">
      <Filter>Source Files\Core</Filter>
    </ClCompile>
    <ClCompile Include="..\Server.tproj\QTSSCallbacks.cpp">
      <Filter>Source Files\Core</Filter>
    </ClCompile>
    <ClCompile Include="..\Server.tproj\QTSSDataConverter.cpp">
      <Filter>Source Files\Core</Filter>
    </ClCompile>
    <ClCompile Include="..\Server.tproj\QTSSDictionary.cpp">
      <Filter>Source Files\Core</Filter>
    </ClCompile>
    <ClCompile Include="..\Server.tproj\QTSSErrorLogModule.cpp">
      <Filter>Source Files\Core</Filter>
    </ClCompile>
    <ClCompile Include="..\Server.tproj\QTSServer.cpp">
      <Filter>Source Files\Core</Filter>
    </ClCompile>
    <ClCompile Include="..\Server.tproj\QTSServerInterface.cpp">
      <Filter>Source Files\Core</Filter>
    </ClCompile>
    <ClCompile Include="..\Server.tproj\QTSServerPrefs.cpp">
      <Filter>Source Files\Core</Filter>
    </ClCompile>
    <ClCompile Include="..\Server.tproj\QTSSExpirationDate.cpp">
      <Filter>Source Files\Core</Filter>
    </ClCompile>
    <ClCompile Include="..\Server.tproj\QTSSFile.cpp">
      <Filter>Source Files\Core</Filter>
    </ClCompile>
    <ClCompile Include="..\Server.tproj\QTSSMessages.cpp">
      <Filter>Source Files\Core</Filter>
    </ClCompile>
    <ClCompile Include="..\Server.tproj\QTSSModule.cpp">
      <Filter>Source Files\Core</Filter>
    </ClCompile>
    <ClCompile Include="..\Server.tproj\QTSSPrefs.cpp">
      <Filter>Source Files\Core</Filter>
    </ClCompile>
    <ClCompile Include="..\Server.tproj\QTSSSocket.cpp">
      <Filter>Source Files\Core</Filter>
    </ClCompile>
    <ClCompile Include="..\Server.tproj\RunServer.cpp">
      <Filter>Source Files\Core</Filter>
    </ClCompile>
    <ClCompile Include="..\Server.tproj\win32main.cpp">
      <Filter>Source Files\Core</Filter>
    </ClCompile>
    <ClCompile Include="..\PrefsSourceLib\XMLParser.cpp">
      <Filter>Source Files\Core</Filter>
    </ClCompile>
    <ClCompile Include="..\PrefsSourceLib\XMLPrefsParser.cpp">
      <Filter>Source Files\Core</Filter>
    </ClCompile>
    <ClCompile Include="..\..\HTTPUtilitiesLib\HTTPProtocol.cpp">
      <Filter>Source Files\HTTPUtilitiesLib</Filter>
    </ClCompile>
    <ClCompile Include="..\..\HTTPUtilitiesLib\HTTPRequest.cpp">
      <Filter>Source Files\HTTPUtilitiesLib</Filter>
    </ClCompile>
    <ClCompile Include="..\..\HTTPUtilitiesLib\HTTPClientRequestStream.cpp">
      <Filter>Source Files\HTTPUtilitiesLib</Filter>
    </ClCompile>
    <ClCompile Include="..\..\HTTPUtilitiesLib\HTTPClientResponseStream.cpp">
      <Filter>Source Files\HTTPUtilitiesLib</Filter>
    </ClCompile>
  </ItemGroup>
  <ItemGroup>
    <ClInclude Include="..\APIModules\EasyCMSModule\EasyCMSModule.h">
      <Filter>Source Files\API Modules\EasyCMSModule</Filter>
    </ClInclude>
    <ClInclude Include="..\APIModules\EasyCMSModule\EasyCMSSession.h">
      <Filter>Source Files\API Modules\EasyCMSModule</Filter>
    </ClInclude>
    <ClInclude Include="..\APIModules\EasyCameraModule\EasyCameraModule.h">
      <Filter>Source Files\API Modules\EasyCameraModule</Filter>
    </ClInclude>
    <ClInclude Include="..\APIModules\EasyCameraModule\EasyCameraSource.h">
      <Filter>Source Files\API Modules\EasyCameraModule</Filter>
    </ClInclude>
    <ClInclude Include="..\..\HTTPUtilitiesLib\HTTPProtocol.h">
      <Filter>Source Files\HTTPUtilitiesLib</Filter>
    </ClInclude>
    <ClInclude Include="..\..\HTTPUtilitiesLib\HTTPRequest.h">
      <Filter>Source Files\HTTPUtilitiesLib</Filter>
    </ClInclude>
    <ClInclude Include="..\..\HTTPUtilitiesLib\HTTPClientRequestStream.h">
      <Filter>Source Files\HTTPUtilitiesLib</Filter>
    </ClInclude>
    <ClInclude Include="..\..\HTTPUtilitiesLib\HTTPClientResponseStream.h">
      <Filter>Source Files\HTTPUtilitiesLib</Filter>
    </ClInclude>
  </ItemGroup>
</Project>