<?xml version="1.0" encoding="utf-8"?>
<Project ToolsVersion="4.0" xmlns="http://schemas.microsoft.com/developer/msbuild/2003">
  <ItemGroup>
    <Filter Include="Source Files">
      <UniqueIdentifier>{1e31040d-58d7-4b50-964a-5fec7e389c7a}</UniqueIdentifier>
      <Extensions>cpp;c;cxx;rc;def;r;odl;idl;hpj;bat</Extensions>
    </Filter>
  </ItemGroup>
  <ItemGroup>
    <ClCompile Include="base64.c">
      <Filter>Source Files</Filter>
    </ClCompile>
    <ClCompile Include="ClientSocket.cpp">
      <Filter>Source Files</Filter>
    </ClCompile>
    <ClCompile Include="ConfParser.cpp">
      <Filter>Source Files</Filter>
    </ClCompile>
    <ClCompile Include="DateTranslator.cpp">
      <Filter>Source Files</Filter>
    </ClCompile>
    <ClCompile Include="EventContext.cpp">
      <Filter>Source Files</Filter>
    </ClCompile>
    <ClCompile Include="Format.cpp">
      <Filter>Source Files</Filter>
    </ClCompile>
    <ClCompile Include="getopt.c">
      <Filter>Source Files</Filter>
    </ClCompile>
    <ClCompile Include="GetWord.c">
      <Filter>Source Files</Filter>
    </ClCompile>
    <ClCompile Include="IdleTask.cpp">
      <Filter>Source Files</Filter>
    </ClCompile>
    <ClCompile Include="keyframecache.cpp">
      <Filter>Source Files</Filter>
    </ClCompile>
    <ClCompile Include="md5.c">
      <Filter>Source Files</Filter>
    </ClCompile>
    <ClCompile Include="md5digest.cpp">
      <Filter>Source Files</Filter>
    </ClCompile>
    <ClCompile Include="MyAssert.cpp">
      <Filter>Source Files</Filter>
    </ClCompile>
    <ClCompile Include="OS.cpp">
      <Filter>Source Files</Filter>
    </ClCompile>
    <ClCompile Include="OSBufferPool.cpp">
      <Filter>Source Files</Filter>
    </ClCompile>
    <ClCompile Include="OSCodeFragment.cpp">
      <Filter>Source Files</Filter>
    </ClCompile>
    <ClCompile Include="OSCond.cpp">
      <Filter>Source Files</Filter>
    </ClCompile>
    <ClCompile Include="OSFileSource.cpp">
      <Filter>Source Files</Filter>
    </ClCompile>
    <ClCompile Include="OSHeap.cpp">
      <Filter>Source Files</Filter>
    </ClCompile>
    <ClCompile Include="OSMapEx.cpp">
      <Filter>Source Files</Filter>
    </ClCompile>
    <ClCompile Include="OSMutex.cpp">
      <Filter>Source Files</Filter>
    </ClCompile>
    <ClCompile Include="OSMutexRW.cpp">
      <Filter>Source Files</Filter>
    </ClCompile>
    <ClCompile Include="OSQueue.cpp">
      <Filter>Source Files</Filter>
    </ClCompile>
    <ClCompile Include="OSRef.cpp">
      <Filter>Source Files</Filter>
    </ClCompile>
    <ClCompile Include="OSRefTableEx.cpp">
      <Filter>Source Files</Filter>
    </ClCompile>
    <ClCompile Include="OSThread.cpp">
      <Filter>Source Files</Filter>
    </ClCompile>
    <ClCompile Include="QueryParamList.cpp">
      <Filter>Source Files</Filter>
    </ClCompile>
    <ClCompile Include="ResizeableStringFormatter.cpp">
      <Filter>Source Files</Filter>
    </ClCompile>
    <ClCompile Include="sdpCache.cpp">
      <Filter>Source Files</Filter>
    </ClCompile>
    <ClCompile Include="SDPUtils.cpp">
      <Filter>Source Files</Filter>
    </ClCompile>
    <ClCompile Include="Socket.cpp">
      <Filter>Source Files</Filter>
    </ClCompile>
    <ClCompile Include="SocketUtils.cpp">
      <Filter>Source Files</Filter>
    </ClCompile>
    <ClCompile Include="StringFormatter.cpp">
      <Filter>Source Files</Filter>
    </ClCompile>
    <ClCompile Include="StringParser.cpp">
      <Filter>Source Files</Filter>
    </ClCompile>
    <ClCompile Include="StringTranslator.cpp">
      <Filter>Source Files</Filter>
    </ClCompile>
    <ClCompile Include="StrPtrLen.cpp">
      <Filter>Source Files</Filter>
    </ClCompile>
    <ClCompile Include="Task.cpp">
      <Filter>Source Files</Filter>
    </ClCompile>
    <ClCompile Include="TCPListenerSocket.cpp">
      <Filter>Source Files</Filter>
    </ClCompile>
    <ClCompile Include="TCPSocket.cpp">
      <Filter>Source Files</Filter>
    </ClCompile>
    <ClCompile Include="TimeoutTask.cpp">
      <Filter>Source Files</Filter>
    </ClCompile>
    <ClCompile Include="Trim.c">
      <Filter>Source Files</Filter>
    </ClCompile>
    <ClCompile Include="UDPDemuxer.cpp">
      <Filter>Source Files</Filter>
    </ClCompile>
    <ClCompile Include="UDPSocket.cpp">
      <Filter>Source Files</Filter>
    </ClCompile>
    <ClCompile Include="UDPSocketPool.cpp">
      <Filter>Source Files</Filter>
    </ClCompile>
    <ClCompile Include="UserAgentParser.cpp">
      <Filter>Source Files</Filter>
    </ClCompile>
    <ClCompile Include="win32ev.cpp">
      <Filter>Source Files</Filter>
    </ClCompile>
    <ClCompile Include="..\OSMemoryLib\OSMemory.cpp">
      <Filter>Source Files</Filter>
    </ClCompile>
    <ClCompile Include="Logger.cpp">
      <Filter>Source Files</Filter>
    </ClCompile>
    <ClCompile Include="CreateDump.cpp">
      <Filter>Source Files</Filter>
    </ClCompile>
  </ItemGroup>
  <ItemGroup>
    <ClInclude Include="ClientSocket.h">
      <Filter>Source Files</Filter>
    </ClInclude>
    <ClInclude Include="QueryParamList.h">
      <Filter>Source Files</Filter>
    </ClInclude>
    <ClInclude Include="SyncDeque.h">
      <Filter>Source Files</Filter>
    </ClInclude>
    <ClInclude Include="Format.h" />
    <ClInclude Include="OSMapEx.h" />
    <ClInclude Include="OSRefTableEx.h" />
    <ClInclude Include="OSMemory.h" />
    <ClInclude Include="Logger.h" />
    <ClInclude Include="ScopeGuard.h" />
    <ClInclude Include="CreateDump.h" />
  </ItemGroup>
</Project>