
Microsoft Visual Studio Solution File, Format Version 10.00
# Visual Studio 2008
Project("{8BC9CEB8-8B4A-11D0-8D11-00A0C91BC942}") = "libeasyjsonutil", "..\easyavsjsonutil.vcproj", "{9A0F3AA4-5E2E-406A-BAC1-C0F26B5D3EB2}"
EndProject
Project("{8BC9CEB8-8B4A-11D0-8D11-00A0C91BC942}") = "avsxmlutiltest", "easyjsonutiltest.vcproj", "{C30B581D-22CF-46B0-A52F-877493A87DB4}"
EndProject
Global
	GlobalSection(SolutionConfigurationPlatforms) = preSolution
		Debug|Win32 = Debug|Win32
		Release|Win32 = Release|Win32
	EndGlobalSection
	GlobalSection(ProjectConfigurationPlatforms) = postSolution
		{9A0F3AA4-5E2E-406A-BAC1-C0F26B5D3EB2}.Debug|Win32.ActiveCfg = Debug|Win32
		{9A0F3AA4-5E2E-406A-BAC1-C0F26B5D3EB2}.Debug|Win32.Build.0 = Debug|Win32
		{9A0F3AA4-5E2E-406A-BAC1-C0F26B5D3EB2}.Release|Win32.ActiveCfg = Release|Win32
		{9A0F3AA4-5E2E-406A-BAC1-C0F26B5D3EB2}.Release|Win32.Build.0 = Release|Win32
		{C30B581D-22CF-46B0-A52F-877493A87DB4}.Debug|Win32.ActiveCfg = Debug|Win32
		{C30B581D-22CF-46B0-A52F-877493A87DB4}.Debug|Win32.Build.0 = Debug|Win32
		{C30B581D-22CF-46B0-A52F-877493A87DB4}.Release|Win32.ActiveCfg = Release|Win32
		{C30B581D-22CF-46B0-A52F-877493A87DB4}.Release|Win32.Build.0 = Release|Win32
	EndGlobalSection
	GlobalSection(SolutionProperties) = preSolution
		HideSolutionNode = FALSE
	EndGlobalSection
EndGlobal
