<?xml version="1.0" encoding="utf-8"?>
<Project ToolsVersion="4.0" xmlns="http://schemas.microsoft.com/developer/msbuild/2003">
  <ItemGroup>
    <Filter Include="Source Files">
      <UniqueIdentifier>{baa4a137-32f5-45c7-9638-b85809f4c06f}</UniqueIdentifier>
      <Extensions>cpp;c;cxx;rc;def;r;odl;idl;hpj;bat</Extensions>
    </Filter>
    <Filter Include="Source Files\API Modules">
      <UniqueIdentifier>{cabe77f9-3517-4038-aa39-ce06be068caf}</UniqueIdentifier>
    </Filter>
    <Filter Include="Source Files\API Modules\QTSSReflectorModule">
      <UniqueIdentifier>{f1ae693e-42f3-4af9-8c03-c761c5722ece}</UniqueIdentifier>
    </Filter>
    <Filter Include="Source Files\API Modules\EasyCMSModule">
      <UniqueIdentifier>{ce18e58e-f95f-4695-a4c4-3714e01fdeaa}</UniqueIdentifier>
    </Filter>
    <Filter Include="Source Files\API Modules\EasyRedisModule">
      <UniqueIdentifier>{0e198ee2-2cd7-48f1-aa89-1fdb783b9bda}</UniqueIdentifier>
    </Filter>
    <Filter Include="Source Files\Core">
      <UniqueIdentifier>{e727d50d-3391-4555-8db1-6a4f07960b2d}</UniqueIdentifier>
    </Filter>
    <Filter Include="Source Files\RTCP Utilities">
      <UniqueIdentifier>{cc60b61c-8df6-4989-9e00-12c6ace79658}</UniqueIdentifier>
    </Filter>
    <Filter Include="Source Files\HTTPUtilitiesLib">
      <UniqueIdentifier>{6001c7bb-eacc-49e8-8760-7e5e43d01e2e}</UniqueIdentifier>
    </Filter>
    <Filter Include="Source Files\RTSPUtilitiesLib">
      <UniqueIdentifier>{0469c66a-019d-4dfc-b698-0144a67c2e97}</UniqueIdentifier>
    </Filter>
    <Filter Include="Source Files\API Modules\EasyRTMPModule">
      <UniqueIdentifier>{93fc2ad5-3a01-49f0-9e92-4d2ccb335736}</UniqueIdentifier>
    </Filter>
    <Filter Include="Source Files\API Modules\EasyHLSModule">
      <UniqueIdentifier>{ae02ba8a-e5fd-47e3-b5af-16082afccd5d}</UniqueIdentifier>
    </Filter>
  </ItemGroup>
  <ItemGroup>
    <ClCompile Include="..\PrefsSourceLib\FilePrefsSource.cpp">
      <Filter>Source Files</Filter>
    </ClCompile>
    <ClCompile Include="..\..\SafeStdLib\InternalStdLib.cpp">
      <Filter>Source Files</Filter>
    </ClCompile>
    <ClCompile Include="..\Server.tproj\QTSSUserProfile.cpp">
      <Filter>Source Files</Filter>
    </ClCompile>
    <ClCompile Include="..\Server.tproj\RTPOverbufferWindow.cpp">
      <Filter>Source Files</Filter>
    </ClCompile>
    <ClCompile Include="..\PrefsSourceLib\XMLParser.cpp">
      <Filter>Source Files</Filter>
    </ClCompile>
    <ClCompile Include="..\PrefsSourceLib\XMLPrefsParser.cpp">
      <Filter>Source Files</Filter>
    </ClCompile>
    <ClCompile Include="..\APIModules\QTSSAccessModule\AccessChecker.cpp">
      <Filter>Source Files\API Modules</Filter>
    </ClCompile>
    <ClCompile Include="..\APIModules\QTSSAccessLogModule\QTSSAccessLogModule.cpp">
      <Filter>Source Files\API Modules</Filter>
    </ClCompile>
    <ClCompile Include="..\APIModules\QTSSAccessModule\QTSSAccessModule.cpp">
      <Filter>Source Files\API Modules</Filter>
    </ClCompile>
    <ClCompile Include="..\APIModules\QTSSFlowControlModule\QTSSFlowControlModule.cpp">
      <Filter>Source Files\API Modules</Filter>
    </ClCompile>
    <ClCompile Include="..\APIModules\QTSSPOSIXFileSysModule\QTSSPosixFileSysModule.cpp">
      <Filter>Source Files\API Modules</Filter>
    </ClCompile>
    <ClCompile Include="..\APIModules\QTSSReflectorModule\QTSSReflectorModule.cpp">
      <Filter>Source Files\API Modules\QTSSReflectorModule</Filter>
    </ClCompile>
    <ClCompile Include="..\APIModules\QTSSReflectorModule\RCFSourceInfo.cpp">
      <Filter>Source Files\API Modules\QTSSReflectorModule</Filter>
    </ClCompile>
    <ClCompile Include="..\APIModules\QTSSReflectorModule\ReflectorSession.cpp">
      <Filter>Source Files\API Modules\QTSSReflectorModule</Filter>
    </ClCompile>
    <ClCompile Include="..\APIModules\QTSSReflectorModule\ReflectorStream.cpp">
      <Filter>Source Files\API Modules\QTSSReflectorModule</Filter>
    </ClCompile>
    <ClCompile Include="..\APIModules\QTSSReflectorModule\RTPSessionOutput.cpp">
      <Filter>Source Files\API Modules\QTSSReflectorModule</Filter>
    </ClCompile>
    <ClCompile Include="..\APIModules\QTSSReflectorModule\SequenceNumberMap.cpp">
      <Filter>Source Files\API Modules\QTSSReflectorModule</Filter>
    </ClCompile>
    <ClCompile Include="..\APIModules\EasyCMSModule\EasyCMSModule.cpp">
      <Filter>Source Files\API Modules\EasyCMSModule</Filter>
    </ClCompile>
    <ClCompile Include="..\APIModules\EasyCMSModule\EasyCMSSession.cpp">
      <Filter>Source Files\API Modules\EasyCMSModule</Filter>
    </ClCompile>
    <ClCompile Include="..\APIModules\EasyRedisModule\EasyRedisModule.cpp">
      <Filter>Source Files\API Modules\EasyRedisModule</Filter>
    </ClCompile>
    <ClCompile Include="..\Server.tproj\GenerateXMLPrefs.cpp">
      <Filter>Source Files\Core</Filter>
    </ClCompile>
    <ClCompile Include="..\Server.tproj\HTTPSession.cpp">
      <Filter>Source Files\Core</Filter>
    </ClCompile>
    <ClCompile Include="..\Server.tproj\HTTPSessionInterface.cpp">
      <Filter>Source Files\Core</Filter>
    </ClCompile>
    <ClCompile Include="..\..\OSMemoryLib\OSMemory.cpp">
      <Filter>Source Files\Core</Filter>
    </ClCompile>
    <ClCompile Include="..\Server.tproj\QTSSCallbacks.cpp">
      <Filter>Source Files\Core</Filter>
    </ClCompile>
    <ClCompile Include="..\Server.tproj\QTSSDataConverter.cpp">
      <Filter>Source Files\Core</Filter>
    </ClCompile>
    <ClCompile Include="..\Server.tproj\QTSSDictionary.cpp">
      <Filter>Source Files\Core</Filter>
    </ClCompile>
    <ClCompile Include="..\Server.tproj\QTSSErrorLogModule.cpp">
      <Filter>Source Files\Core</Filter>
    </ClCompile>
    <ClCompile Include="..\Server.tproj\QTSServer.cpp">
      <Filter>Source Files\Core</Filter>
    </ClCompile>
    <ClCompile Include="..\Server.tproj\QTSServerInterface.cpp">
      <Filter>Source Files\Core</Filter>
    </ClCompile>
    <ClCompile Include="..\Server.tproj\QTSServerPrefs.cpp">
      <Filter>Source Files\Core</Filter>
    </ClCompile>
    <ClCompile Include="..\Server.tproj\QTSSExpirationDate.cpp">
      <Filter>Source Files\Core</Filter>
    </ClCompile>
    <ClCompile Include="..\Server.tproj\QTSSFile.cpp">
      <Filter>Source Files\Core</Filter>
    </ClCompile>
    <ClCompile Include="..\Server.tproj\QTSSMessages.cpp">
      <Filter>Source Files\Core</Filter>
    </ClCompile>
    <ClCompile Include="..\Server.tproj\QTSSModule.cpp">
      <Filter>Source Files\Core</Filter>
    </ClCompile>
    <ClCompile Include="..\Server.tproj\QTSSPrefs.cpp">
      <Filter>Source Files\Core</Filter>
    </ClCompile>
    <ClCompile Include="..\Server.tproj\QTSSSocket.cpp">
      <Filter>Source Files\Core</Filter>
    </ClCompile>
    <ClCompile Include="..\Server.tproj\RTCPTask.cpp">
      <Filter>Source Files\Core</Filter>
    </ClCompile>
    <ClCompile Include="..\Server.tproj\RTPBandwidthTracker.cpp">
      <Filter>Source Files\Core</Filter>
    </ClCompile>
    <ClCompile Include="..\Server.tproj\RTPPacketResender.cpp">
      <Filter>Source Files\Core</Filter>
    </ClCompile>
    <ClCompile Include="..\Server.tproj\RTPSession.cpp">
      <Filter>Source Files\Core</Filter>
    </ClCompile>
    <ClCompile Include="..\Server.tproj\RTPSessionInterface.cpp">
      <Filter>Source Files\Core</Filter>
    </ClCompile>
    <ClCompile Include="..\Server.tproj\RTPStream.cpp">
      <Filter>Source Files\Core</Filter>
    </ClCompile>
    <ClCompile Include="..\Server.tproj\RTSPRequest.cpp">
      <Filter>Source Files\Core</Filter>
    </ClCompile>
    <ClCompile Include="..\Server.tproj\RTSPRequestInterface.cpp">
      <Filter>Source Files\Core</Filter>
    </ClCompile>
    <ClCompile Include="..\Server.tproj\RTSPRequestStream.cpp">
      <Filter>Source Files\Core</Filter>
    </ClCompile>
    <ClCompile Include="..\Server.tproj\RTSPResponseStream.cpp">
      <Filter>Source Files\Core</Filter>
    </ClCompile>
    <ClCompile Include="..\Server.tproj\RTSPSession.cpp">
      <Filter>Source Files\Core</Filter>
    </ClCompile>
    <ClCompile Include="..\Server.tproj\RTSPSessionInterface.cpp">
      <Filter>Source Files\Core</Filter>
    </ClCompile>
    <ClCompile Include="..\Server.tproj\RunServer.cpp">
      <Filter>Source Files\Core</Filter>
    </ClCompile>
    <ClCompile Include="..\Server.tproj\win32main.cpp">
      <Filter>Source Files\Core</Filter>
    </ClCompile>
    <ClCompile Include="..\RTCPUtilitiesLib\RTCPAckPacket.cpp">
      <Filter>Source Files\RTCP Utilities</Filter>
    </ClCompile>
    <ClCompile Include="..\RTCPUtilitiesLib\RTCPAPPNADUPacket.cpp">
      <Filter>Source Files\RTCP Utilities</Filter>
    </ClCompile>
    <ClCompile Include="..\RTCPUtilitiesLib\RTCPAPPPacket.cpp">
      <Filter>Source Files\RTCP Utilities</Filter>
    </ClCompile>
    <ClCompile Include="..\RTCPUtilitiesLib\RTCPAPPQTSSPacket.cpp">
      <Filter>Source Files\RTCP Utilities</Filter>
    </ClCompile>
    <ClCompile Include="..\RTCPUtilitiesLib\RTCPPacket.cpp">
      <Filter>Source Files\RTCP Utilities</Filter>
    </ClCompile>
    <ClCompile Include="..\RTCPUtilitiesLib\RTCPSRPacket.cpp">
      <Filter>Source Files\RTCP Utilities</Filter>
    </ClCompile>
    <ClCompile Include="..\..\HTTPUtilitiesLib\HTTPClientRequestStream.cpp">
      <Filter>Source Files\HTTPUtilitiesLib</Filter>
    </ClCompile>
    <ClCompile Include="..\..\HTTPUtilitiesLib\HTTPClientResponseStream.cpp">
      <Filter>Source Files\HTTPUtilitiesLib</Filter>
    </ClCompile>
    <ClCompile Include="..\..\HTTPUtilitiesLib\HTTPProtocol.cpp">
      <Filter>Source Files\HTTPUtilitiesLib</Filter>
    </ClCompile>
    <ClCompile Include="..\..\HTTPUtilitiesLib\HTTPRequest.cpp">
      <Filter>Source Files\HTTPUtilitiesLib</Filter>
    </ClCompile>
    <ClCompile Include="..\..\RTSPUtilitiesLib\RTSPProtocol.cpp">
      <Filter>Source Files\RTSPUtilitiesLib</Filter>
    </ClCompile>
    <ClCompile Include="..\APIModules\EasyRTMPModule\EasyRTMPModule.cpp">
      <Filter>Source Files\API Modules\EasyRTMPModule</Filter>
    </ClCompile>
    <ClCompile Include="..\APIModules\EasyRTMPModule\EasyRTMPSession.cpp">
      <Filter>Source Files\API Modules\EasyRTMPModule</Filter>
    </ClCompile>
    <ClCompile Include="..\APIModules\EasyHLSModule\EasyHLSModule.cpp">
      <Filter>Source Files\API Modules\EasyHLSModule</Filter>
    </ClCompile>
    <ClCompile Include="..\APIModules\EasyHLSModule\EasyHLSSession.cpp">
      <Filter>Source Files\API Modules\EasyHLSModule</Filter>
    </ClCompile>
    <ClCompile Include="..\APIModules\RtspRecordModule\EasyMP4Writer.cpp">
      <Filter>Source Files</Filter>
    </ClCompile>
    <ClCompile Include="..\APIModules\RtspRecordModule\RtspRecordModule.cpp">
      <Filter>Source Files</Filter>
    </ClCompile>
    <ClCompile Include="..\APIModules\RtspRecordModule\RtspRecordSession.cpp">
      <Filter>Source Files</Filter>
    </ClCompile>
    <ClCompile Include="..\FileBrowserUtils\SearchFileDir.cpp">
      <Filter>Source Files</Filter>
    </ClCompile>
  </ItemGroup>
  <ItemGroup>
    <ClInclude Include="..\APIModules\EasyCMSModule\EasyCMSModule.h">
      <Filter>Source Files\API Modules\EasyCMSModule</Filter>
    </ClInclude>
    <ClInclude Include="..\APIModules\EasyCMSModule\EasyCMSSession.h">
      <Filter>Source Files\API Modules\EasyCMSModule</Filter>
    </ClInclude>
    <ClInclude Include="..\APIModules\EasyRedisModule\EasyRedisModule.h">
      <Filter>Source Files\API Modules\EasyRedisModule</Filter>
    </ClInclude>
    <ClInclude Include="..\Server.tproj\HTTPSession.h">
      <Filter>Source Files\Core</Filter>
    </ClInclude>
    <ClInclude Include="..\Server.tproj\HTTPSessionInterface.h">
      <Filter>Source Files\Core</Filter>
    </ClInclude>
    <ClInclude Include="..\..\HTTPUtilitiesLib\HTTPClientRequestStream.h">
      <Filter>Source Files\HTTPUtilitiesLib</Filter>
    </ClInclude>
    <ClInclude Include="..\..\HTTPUtilitiesLib\HTTPClientResponseStream.h">
      <Filter>Source Files\HTTPUtilitiesLib</Filter>
    </ClInclude>
    <ClInclude Include="..\..\RTSPUtilitiesLib\RTSPProtocol.h">
      <Filter>Source Files\RTSPUtilitiesLib</Filter>
    </ClInclude>
    <ClInclude Include="..\APIModules\EasyRTMPModule\EasyRTMPModule.h">
      <Filter>Source Files\API Modules\EasyRTMPModule</Filter>
    </ClInclude>
    <ClInclude Include="..\APIModules\EasyRTMPModule\EasyRTMPSession.h">
      <Filter>Source Files\API Modules\EasyRTMPModule</Filter>
    </ClInclude>
    <ClInclude Include="..\APIModules\EasyHLSModule\EasyHLSModule.h">
      <Filter>Source Files\API Modules\EasyHLSModule</Filter>
    </ClInclude>
    <ClInclude Include="..\APIModules\EasyHLSModule\EasyHLSSession.h">
      <Filter>Source Files\API Modules\EasyHLSModule</Filter>
    </ClInclude>
    <ClInclude Include="..\APIModules\RtspRecordModule\EasyMP4Writer.h" />
    <ClInclude Include="..\APIModules\RtspRecordModule\RtspRecordModule.h" />
    <ClInclude Include="..\APIModules\RtspRecordModule\RtspRecordSession.h" />
    <ClInclude Include="..\FileBrowserUtils\SearchFileDir.h" />
    <ClInclude Include="..\APIModules\EasyRedisModule\Resources.h">
      <Filter>Source Files\API Modules\EasyRedisModule</Filter>
    </ClInclude>
  </ItemGroup>
</Project>