
Microsoft Visual Studio Solution File, Format Version 10.00
# Visual Studio 2008
Project("{8BC9CEB8-8B4A-11D0-8D11-00A0C91BC942}") = "EasyDarwin", "EasyDarwin.vcproj", "{A0EFC09D-B539-40ED-B7A2-06177CBA669D}"
	ProjectSection(ProjectDependencies) = postProject
		{3C010B07-9D9B-4065-A426-F0AC0CE4E56F} = {3C010B07-9D9B-4065-A426-F0AC0CE4E56F}
		{230D5525-AEA7-4037-95FE-3B45BEF98E55} = {230D5525-AEA7-4037-95FE-3B45BEF98E55}
		{21898038-6830-4B4D-BE2C-E32641F253BC} = {21898038-6830-4B4D-BE2C-E32641F253BC}
		{EEEB3A6E-B4AF-4C09-AB57-7F2576CFE38D} = {EEEB3A6E-B4AF-4C09-AB57-7F2576CFE38D}
		{4E4F758C-7CB5-471C-BD61-FB70BF69D48B} = {4E4F758C-7CB5-471C-BD61-FB70BF69D48B}
		{61A556A3-1B1F-41A9-945C-9D57EC86ACDD} = {61A556A3-1B1F-41A9-945C-9D57EC86ACDD}
		{628C32EC-8A8C-43BA-A4D9-A319EA671DCB} = {628C32EC-8A8C-43BA-A4D9-A319EA671DCB}
	EndProjectSection
EndProject
Project("{8BC9CEB8-8B4A-11D0-8D11-00A0C91BC942}") = "ParseDeviceConfig", "..\ParseDeviceConfig\ParseDeviceConfig.vcproj", "{628C32EC-8A8C-43BA-A4D9-A319EA671DCB}"
EndProject
Project("{8BC9CEB8-8B4A-11D0-8D11-00A0C91BC942}") = "live555", "..\live555\liblive555.vcproj", "{61A556A3-1B1F-41A9-945C-9D57EC86ACDD}"
EndProject
Project("{8BC9CEB8-8B4A-11D0-8D11-00A0C91BC942}") = "live555Test", "..\live555\testProgs\live555Test.vcproj", "{6C411C96-603E-4AF7-876A-7E0D825EDAD1}"
EndProject
Project("{8BC9CEB8-8B4A-11D0-8D11-00A0C91BC942}") = "QTFileLib", "..\QTFileLib\QTFileLib.vcproj", "{3C010B07-9D9B-4065-A426-F0AC0CE4E56F}"
EndProject
Project("{8BC9CEB8-8B4A-11D0-8D11-00A0C91BC942}") = "CommonUtilitiesLib", "..\..\CommonUtilitiesLib\CommonUtilitiesLib.vcproj", "{4E4F758C-7CB5-471C-BD61-FB70BF69D48B}"
EndProject
Project("{8BC9CEB8-8B4A-11D0-8D11-00A0C91BC942}") = "SafeInternalStdLib", "..\..\SafeStdLib\SafeInternalStdLib.vcproj", "{230D5525-AEA7-4037-95FE-3B45BEF98E55}"
EndProject
Project("{8BC9CEB8-8B4A-11D0-8D11-00A0C91BC942}") = "APIStubLib", "..\APIStubLib\APIStubLib.vcproj", "{21898038-6830-4B4D-BE2C-E32641F253BC}"
EndProject
Project("{8BC9CEB8-8B4A-11D0-8D11-00A0C91BC942}") = "APICommonCode", "..\APICommonCode\APICommonCode.vcproj", "{EEEB3A6E-B4AF-4C09-AB57-7F2576CFE38D}"
EndProject
Global
	GlobalSection(SolutionConfigurationPlatforms) = preSolution
		Debug|Win32 = Debug|Win32
		Release|Win32 = Release|Win32
	EndGlobalSection
	GlobalSection(ProjectConfigurationPlatforms) = postSolution
		{A0EFC09D-B539-40ED-B7A2-06177CBA669D}.Debug|Win32.ActiveCfg = Debug|Win32
		{A0EFC09D-B539-40ED-B7A2-06177CBA669D}.Debug|Win32.Build.0 = Debug|Win32
		{A0EFC09D-B539-40ED-B7A2-06177CBA669D}.Release|Win32.ActiveCfg = Release|Win32
		{A0EFC09D-B539-40ED-B7A2-06177CBA669D}.Release|Win32.Build.0 = Release|Win32
		{628C32EC-8A8C-43BA-A4D9-A319EA671DCB}.Debug|Win32.ActiveCfg = Debug|Win32
		{628C32EC-8A8C-43BA-A4D9-A319EA671DCB}.Debug|Win32.Build.0 = Debug|Win32
		{628C32EC-8A8C-43BA-A4D9-A319EA671DCB}.Release|Win32.ActiveCfg = Release|Win32
		{628C32EC-8A8C-43BA-A4D9-A319EA671DCB}.Release|Win32.Build.0 = Release|Win32
		{61A556A3-1B1F-41A9-945C-9D57EC86ACDD}.Debug|Win32.ActiveCfg = Debug|Win32
		{61A556A3-1B1F-41A9-945C-9D57EC86ACDD}.Debug|Win32.Build.0 = Debug|Win32
		{61A556A3-1B1F-41A9-945C-9D57EC86ACDD}.Release|Win32.ActiveCfg = Release|Win32
		{61A556A3-1B1F-41A9-945C-9D57EC86ACDD}.Release|Win32.Build.0 = Release|Win32
		{6C411C96-603E-4AF7-876A-7E0D825EDAD1}.Debug|Win32.ActiveCfg = Debug|Win32
		{6C411C96-603E-4AF7-876A-7E0D825EDAD1}.Debug|Win32.Build.0 = Debug|Win32
		{6C411C96-603E-4AF7-876A-7E0D825EDAD1}.Release|Win32.ActiveCfg = Release|Win32
		{6C411C96-603E-4AF7-876A-7E0D825EDAD1}.Release|Win32.Build.0 = Release|Win32
		{3C010B07-9D9B-4065-A426-F0AC0CE4E56F}.Debug|Win32.ActiveCfg = Debug|Win32
		{3C010B07-9D9B-4065-A426-F0AC0CE4E56F}.Debug|Win32.Build.0 = Debug|Win32
		{3C010B07-9D9B-4065-A426-F0AC0CE4E56F}.Release|Win32.ActiveCfg = Release|Win32
		{3C010B07-9D9B-4065-A426-F0AC0CE4E56F}.Release|Win32.Build.0 = Release|Win32
		{4E4F758C-7CB5-471C-BD61-FB70BF69D48B}.Debug|Win32.ActiveCfg = Debug|Win32
		{4E4F758C-7CB5-471C-BD61-FB70BF69D48B}.Debug|Win32.Build.0 = Debug|Win32
		{4E4F758C-7CB5-471C-BD61-FB70BF69D48B}.Release|Win32.ActiveCfg = Release|Win32
		{4E4F758C-7CB5-471C-BD61-FB70BF69D48B}.Release|Win32.Build.0 = Release|Win32
		{230D5525-AEA7-4037-95FE-3B45BEF98E55}.Debug|Win32.ActiveCfg = Debug|Win32
		{230D5525-AEA7-4037-95FE-3B45BEF98E55}.Debug|Win32.Build.0 = Debug|Win32
		{230D5525-AEA7-4037-95FE-3B45BEF98E55}.Release|Win32.ActiveCfg = Release|Win32
		{230D5525-AEA7-4037-95FE-3B45BEF98E55}.Release|Win32.Build.0 = Release|Win32
		{21898038-6830-4B4D-BE2C-E32641F253BC}.Debug|Win32.ActiveCfg = Debug|Win32
		{21898038-6830-4B4D-BE2C-E32641F253BC}.Debug|Win32.Build.0 = Debug|Win32
		{21898038-6830-4B4D-BE2C-E32641F253BC}.Release|Win32.ActiveCfg = Release|Win32
		{21898038-6830-4B4D-BE2C-E32641F253BC}.Release|Win32.Build.0 = Release|Win32
		{EEEB3A6E-B4AF-4C09-AB57-7F2576CFE38D}.Debug|Win32.ActiveCfg = Debug|Win32
		{EEEB3A6E-B4AF-4C09-AB57-7F2576CFE38D}.Debug|Win32.Build.0 = Debug|Win32
		{EEEB3A6E-B4AF-4C09-AB57-7F2576CFE38D}.Release|Win32.ActiveCfg = Release|Win32
		{EEEB3A6E-B4AF-4C09-AB57-7F2576CFE38D}.Release|Win32.Build.0 = Release|Win32
	EndGlobalSection
	GlobalSection(SolutionProperties) = preSolution
		HideSolutionNode = FALSE
	EndGlobalSection
EndGlobal
