<?xml version="1.0" encoding="utf-8"?>
<Project ToolsVersion="4.0" xmlns="http://schemas.microsoft.com/developer/msbuild/2003">
  <ItemGroup>
    <Filter Include="源文件">
      <UniqueIdentifier>{4FC737F1-C7A5-4376-A066-2A32D752A2FF}</UniqueIdentifier>
      <Extensions>cpp;c;cc;cxx;def;odl;idl;hpj;bat;asm;asmx</Extensions>
    </Filter>
    <Filter Include="头文件">
      <UniqueIdentifier>{93995380-89BD-4b04-88EB-625FBE52EBFB}</UniqueIdentifier>
      <Extensions>h;hpp;hxx;hm;inl;inc;xsd</Extensions>
    </Filter>
    <Filter Include="资源文件">
      <UniqueIdentifier>{67DA6AB6-F800-4c08-8B7A-83BB121AAD01}</UniqueIdentifier>
      <Extensions>rc;ico;cur;bmp;dlg;rc2;rct;bin;rgs;gif;jpg;jpeg;jpe;resx;tiff;tif;png;wav</Extensions>
    </Filter>
    <Filter Include="HTTPUtilities">
      <UniqueIdentifier>{0e76b0e4-65cd-4c7a-830e-1fe6b568c1df}</UniqueIdentifier>
    </Filter>
    <Filter Include="libTinyDispatchEvent">
      <UniqueIdentifier>{e84ea4dc-ab33-4217-8f55-d13cb466b709}</UniqueIdentifier>
    </Filter>
  </ItemGroup>
  <ItemGroup>
    <ClCompile Include="ClientSocket.cpp">
      <Filter>源文件</Filter>
    </ClCompile>
    <ClCompile Include="CommonDef.cpp">
      <Filter>源文件</Filter>
    </ClCompile>
    <ClCompile Include="commonfunc.cpp">
      <Filter>源文件</Filter>
    </ClCompile>
    <ClCompile Include="EasyDarwinCMSAPI.cpp">
      <Filter>源文件</Filter>
    </ClCompile>
    <ClCompile Include="EasyDeviceCenter.cpp">
      <Filter>源文件</Filter>
    </ClCompile>
    <ClCompile Include="HttpClient.cpp">
      <Filter>源文件</Filter>
    </ClCompile>
    <ClCompile Include="OSMemory.cpp">
      <Filter>源文件</Filter>
    </ClCompile>
    <ClCompile Include="..\HTTPUtilitiesLib\HTTPProtocol.cpp">
      <Filter>HTTPUtilities</Filter>
    </ClCompile>
    <ClCompile Include="..\HTTPUtilitiesLib\HTTPRequest.cpp">
      <Filter>HTTPUtilities</Filter>
    </ClCompile>
    <ClCompile Include="..\libTinyDispatchEvent\libTinyDispatchCenter.cpp">
      <Filter>libTinyDispatchEvent</Filter>
    </ClCompile>
    <ClCompile Include="..\libTinyDispatchEvent\TinyDispatchCenter.cpp">
      <Filter>libTinyDispatchEvent</Filter>
    </ClCompile>
  </ItemGroup>
  <ItemGroup>
    <ClInclude Include="ClientSocket.h">
      <Filter>头文件</Filter>
    </ClInclude>
    <ClInclude Include="ClientSystemCommonDef.h">
      <Filter>头文件</Filter>
    </ClInclude>
    <ClInclude Include="CommonDef.h">
      <Filter>头文件</Filter>
    </ClInclude>
    <ClInclude Include="..\Include\libEasyCMS\EasyDarwinCMSAPI.h">
      <Filter>头文件</Filter>
    </ClInclude>
    <ClInclude Include="EasyDeviceCenter.h">
      <Filter>头文件</Filter>
    </ClInclude>
    <ClInclude Include="HttpClient.h">
      <Filter>头文件</Filter>
    </ClInclude>
    <ClInclude Include="..\Include\libEasyCMS\libClientCommondef.h">
      <Filter>头文件</Filter>
    </ClInclude>
    <ClInclude Include="..\HTTPUtilitiesLib\HTTPProtocol.h">
      <Filter>HTTPUtilities</Filter>
    </ClInclude>
    <ClInclude Include="..\HTTPUtilitiesLib\HTTPRequest.h">
      <Filter>HTTPUtilities</Filter>
    </ClInclude>
    <ClInclude Include="..\libTinyDispatchEvent\commonthread.h">
      <Filter>libTinyDispatchEvent</Filter>
    </ClInclude>
    <ClInclude Include="..\libTinyDispatchEvent\dbg.h">
      <Filter>libTinyDispatchEvent</Filter>
    </ClInclude>
    <ClInclude Include="..\libTinyDispatchEvent\libTinyDispatchCenter.h">
      <Filter>libTinyDispatchEvent</Filter>
    </ClInclude>
    <ClInclude Include="..\libTinyDispatchEvent\MutexLock.h">
      <Filter>libTinyDispatchEvent</Filter>
    </ClInclude>
    <ClInclude Include="..\libTinyDispatchEvent\SysInclude.h">
      <Filter>libTinyDispatchEvent</Filter>
    </ClInclude>
    <ClInclude Include="..\libTinyDispatchEvent\TinyDispatchCenter.h">
      <Filter>libTinyDispatchEvent</Filter>
    </ClInclude>
  </ItemGroup>
</Project>