<?xml version="1.0" encoding="utf-8"?>
<Project ToolsVersion="4.0" xmlns="http://schemas.microsoft.com/developer/msbuild/2003">
  <ItemGroup>
    <Filter Include="Source Files">
      <UniqueIdentifier>{5a91fe67-b2bc-40c1-a792-ea16694e764f}</UniqueIdentifier>
      <Extensions>cpp;c;cxx;rc;def;r;odl;idl;hpj;bat</Extensions>
    </Filter>
    <Filter Include="Source Files\API Modules">
      <UniqueIdentifier>{0f6f1786-de12-4ddc-8b21-0043b8b10713}</UniqueIdentifier>
    </Filter>
    <Filter Include="Source Files\API Modules\EasyCMSModule">
      <UniqueIdentifier>{6eb708f6-2608-4117-9973-a30e10848588}</UniqueIdentifier>
    </Filter>
    <Filter Include="Source Files\API Modules\EasyCameraModule">
      <UniqueIdentifier>{9c468d47-f9c2-4dbc-b027-8ed9991d1dc8}</UniqueIdentifier>
    </Filter>
    <Filter Include="Source Files\Core">
      <UniqueIdentifier>{59efe55d-9bd8-470e-94c6-2f60f6c97b23}</UniqueIdentifier>
    </Filter>
    <Filter Include="Source Files\HTTPUtilitiesLib">
      <UniqueIdentifier>{576e5609-b8a9-4e98-b692-2a38bc000192}</UniqueIdentifier>
    </Filter>
  </ItemGroup>
  <ItemGroup>
    <ClCompile Include="..\APIModules\EasyCMSModule\EasyCMSModule.cpp">
      <Filter>Source Files\API Modules\EasyCMSModule</Filter>
    </ClCompile>
    <ClCompile Include="..\APIModules\EasyCMSModule\EasyCMSSession.cpp">
      <Filter>Source Files\API Modules\EasyCMSModule</Filter>
    </ClCompile>
    <ClCompile Include="..\APIModules\EasyCameraModule\EasyCameraModule.cpp">
      <Filter>Source Files\API Modules\EasyCameraModule</Filter>
    </ClCompile>
    <ClCompile Include="..\APIModules\EasyCameraModule\EasyCameraSource.cpp">
      <Filter>Source Files\API Modules\EasyCameraModule</Filter>
    </ClCompile>
    <ClCompile Include="..\PrefsSourceLib\FilePrefsSource.cpp">
      <Filter>Source Files\Core</Filter>
    </ClCompile>
    <ClCompile Include="..\Server.tproj\GenerateXMLPrefs.cpp">
      <Filter>Source Files\Core</Filter>
    </ClCompile>
    <ClCompile Include="..\..\SafeStdLib\InternalStdLib.cpp">
      <Filter>Source Files\Core</Filter>
    </ClCompile>
    <ClCompile Include="..\..\OSMemoryLib\OSMemory.cpp">
      <Filter>Source Files\Core</Filter>
    </ClCompile>
    <ClCompile Include="..\Server.tproj\QTSSCallbacks.cpp">
      <Filter>Source Files\Core</Filter>
    </ClCompile>
    <ClCompile Include="..\Server.tproj\QTSSDataConverter.cpp">
      <Filter>Source Files\Core</Filter>
    </ClCompile>
    <ClCompile Include="..\Server.tproj\QTSSDictionary.cpp">
      <Filter>Source Files\Core</Filter>
    </ClCompile>
    <ClCompile Include="..\Server.tproj\QTSSErrorLogModule.cpp">
      <Filter>Source Files\Core</Filter>
    </ClCompile>
    <ClCompile Include="..\Server.tproj\QTSServer.cpp">
      <Filter>Source Files\Core</Filter>
    </ClCompile>
    <ClCompile Include="..\Server.tproj\QTSServerInterface.cpp">
      <Filter>Source Files\Core</Filter>
    </ClCompile>
    <ClCompile Include="..\Server.tproj\QTSServerPrefs.cpp">
      <Filter>Source Files\Core</Filter>
    </ClCompile>
    <ClCompile Include="..\Server.tproj\QTSSExpirationDate.cpp">
      <Filter>Source Files\Core</Filter>
    </ClCompile>
    <ClCompile Include="..\Server.tproj\QTSSFile.cpp">
      <Filter>Source Files\Core</Filter>
    </ClCompile>
    <ClCompile Include="..\Server.tproj\QTSSMessages.cpp">
      <Filter>Source Files\Core</Filter>
    </ClCompile>
    <ClCompile Include="..\Server.tproj\QTSSModule.cpp">
      <Filter>Source Files\Core</Filter>
    </ClCompile>
    <ClCompile Include="..\Server.tproj\QTSSPrefs.cpp">
      <Filter>Source Files\Core</Filter>
    </ClCompile>
    <ClCompile Include="..\Server.tproj\QTSSSocket.cpp">
      <Filter>Source Files\Core</Filter>
    </ClCompile>
    <ClCompile Include="..\Server.tproj\RunServer.cpp">
      <Filter>Source Files\Core</Filter>
    </ClCompile>
    <ClCompile Include="..\Server.tproj\win32main.cpp">
      <Filter>Source Files\Core</Filter>
    </ClCompile>
    <ClCompile Include="..\PrefsSourceLib\XMLParser.cpp">
      <Filter>Source Files\Core</Filter>
    </ClCompile>
    <ClCompile Include="..\PrefsSourceLib\XMLPrefsParser.cpp">
      <Filter>Source Files\Core</Filter>
    </ClCompile>
    <ClCompile Include="..\..\HTTPUtilitiesLib\HTTPProtocol.cpp">
      <Filter>Source Files\HTTPUtilitiesLib</Filter>
    </ClCompile>
    <ClCompile Include="..\..\HTTPUtilitiesLib\HTTPRequest.cpp">
      <Filter>Source Files\HTTPUtilitiesLib</Filter>
    </ClCompile>
    <ClCompile Include="..\..\HTTPUtilitiesLib\HTTPRequestStream.cpp">
      <Filter>Source Files\HTTPUtilitiesLib</Filter>
    </ClCompile>
    <ClCompile Include="..\..\HTTPUtilitiesLib\HTTPResponseStream.cpp">
      <Filter>Source Files\HTTPUtilitiesLib</Filter>
    </ClCompile>
  </ItemGroup>
  <ItemGroup>
    <ClInclude Include="..\APIModules\EasyCMSModule\EasyCMSModule.h">
      <Filter>Source Files\API Modules\EasyCMSModule</Filter>
    </ClInclude>
    <ClInclude Include="..\APIModules\EasyCMSModule\EasyCMSSession.h">
      <Filter>Source Files\API Modules\EasyCMSModule</Filter>
    </ClInclude>
    <ClInclude Include="..\APIModules\EasyCameraModule\EasyCameraModule.h">
      <Filter>Source Files\API Modules\EasyCameraModule</Filter>
    </ClInclude>
    <ClInclude Include="..\APIModules\EasyCameraModule\EasyCameraSource.h">
      <Filter>Source Files\API Modules\EasyCameraModule</Filter>
    </ClInclude>
    <ClInclude Include="..\..\HTTPUtilitiesLib\HTTPProtocol.h">
      <Filter>Source Files\HTTPUtilitiesLib</Filter>
    </ClInclude>
    <ClInclude Include="..\..\HTTPUtilitiesLib\HTTPRequest.h">
      <Filter>Source Files\HTTPUtilitiesLib</Filter>
    </ClInclude>
    <ClInclude Include="..\..\HTTPUtilitiesLib\HTTPRequestStream.h">
      <Filter>Source Files\HTTPUtilitiesLib</Filter>
    </ClInclude>
    <ClInclude Include="..\..\HTTPUtilitiesLib\HTTPResponseStream.h">
      <Filter>Source Files\HTTPUtilitiesLib</Filter>
    </ClInclude>
  </ItemGroup>
</Project>